// !$*UTF8*$!
{
	archiveVersion = 1;
	classes = {
	};
	objectVersion = 51;
	objects = {

/* Begin PBXBuildFile section */
		2818581D2257DC777D0699CB /* Pods_EunhasuChat.framework in Frameworks */ = {isa = PBXBuildFile; fileRef = 42FC1704D63DD5F2875F4ED1 /* Pods_EunhasuChat.framework */; };
		4559A9BE266B992700AF4D8B /* AppDelegate.swift in Sources */ = {isa = PBXBuildFile; fileRef = 4559A9BD266B992700AF4D8B /* AppDelegate.swift */; };
		4559A9C0266B992700AF4D8B /* SceneDelegate.swift in Sources */ = {isa = PBXBuildFile; fileRef = 4559A9BF266B992700AF4D8B /* SceneDelegate.swift */; };
		4559A9C5266B992700AF4D8B /* EunhasuChat.xcdatamodeld in Sources */ = {isa = PBXBuildFile; fileRef = 4559A9C3266B992700AF4D8B /* EunhasuChat.xcdatamodeld */; };
		4559A9C7266B992900AF4D8B /* Assets.xcassets in Resources */ = {isa = PBXBuildFile; fileRef = 4559A9C6266B992900AF4D8B /* Assets.xcassets */; };
		4559A9CD266B992900AF4D8B /* LaunchScreen.storyboard in Resources */ = {isa = PBXBuildFile; fileRef = 4559A9CB266B992900AF4D8B /* LaunchScreen.storyboard */; };
		4559A9F6266B9BC400AF4D8B /* LoginVC.swift in Sources */ = {isa = PBXBuildFile; fileRef = 4559A9F5266B9BC400AF4D8B /* LoginVC.swift */; };
/* End PBXBuildFile section */

/* Begin PBXFileReference section */
		42FC1704D63DD5F2875F4ED1 /* Pods_EunhasuChat.framework */ = {isa = PBXFileReference; explicitFileType = wrapper.framework; includeInIndex = 0; path = Pods_EunhasuChat.framework; sourceTree = BUILT_PRODUCTS_DIR; };
		4559A9BA266B992700AF4D8B /* EunhasuChat.app */ = {isa = PBXFileReference; explicitFileType = wrapper.application; includeInIndex = 0; path = EunhasuChat.app; sourceTree = BUILT_PRODUCTS_DIR; };
		4559A9BD266B992700AF4D8B /* AppDelegate.swift */ = {isa = PBXFileReference; lastKnownFileType = sourcecode.swift; path = AppDelegate.swift; sourceTree = "<group>"; };
		4559A9BF266B992700AF4D8B /* SceneDelegate.swift */ = {isa = PBXFileReference; lastKnownFileType = sourcecode.swift; path = SceneDelegate.swift; sourceTree = "<group>"; };
		4559A9C4266B992700AF4D8B /* EunhasuChat.xcdatamodel */ = {isa = PBXFileReference; lastKnownFileType = wrapper.xcdatamodel; path = EunhasuChat.xcdatamodel; sourceTree = "<group>"; };
		4559A9C6266B992900AF4D8B /* Assets.xcassets */ = {isa = PBXFileReference; lastKnownFileType = folder.assetcatalog; path = Assets.xcassets; sourceTree = "<group>"; };
		4559A9CC266B992900AF4D8B /* Base */ = {isa = PBXFileReference; lastKnownFileType = file.storyboard; name = Base; path = Base.lproj/LaunchScreen.storyboard; sourceTree = "<group>"; };
		4559A9CE266B992900AF4D8B /* Info.plist */ = {isa = PBXFileReference; lastKnownFileType = text.plist.xml; path = Info.plist; sourceTree = "<group>"; };
		4559A9F5266B9BC400AF4D8B /* LoginVC.swift */ = {isa = PBXFileReference; lastKnownFileType = sourcecode.swift; path = LoginVC.swift; sourceTree = "<group>"; };
		48D3F69034EAC5B5F3549E52 /* Pods-EunhasuChat.release.xcconfig */ = {isa = PBXFileReference; includeInIndex = 1; lastKnownFileType = text.xcconfig; name = "Pods-EunhasuChat.release.xcconfig"; path = "Target Support Files/Pods-EunhasuChat/Pods-EunhasuChat.release.xcconfig"; sourceTree = "<group>"; };
		529438A4691AA48FA9948679 /* Pods-EunhasuChat.debug.xcconfig */ = {isa = PBXFileReference; includeInIndex = 1; lastKnownFileType = text.xcconfig; name = "Pods-EunhasuChat.debug.xcconfig"; path = "Target Support Files/Pods-EunhasuChat/Pods-EunhasuChat.debug.xcconfig"; sourceTree = "<group>"; };
/* End PBXFileReference section */

/* Begin PBXFrameworksBuildPhase section */
		4559A9B7266B992700AF4D8B /* Frameworks */ = {
			isa = PBXFrameworksBuildPhase;
			buildActionMask = 2147483647;
			files = (
				2818581D2257DC777D0699CB /* Pods_EunhasuChat.framework in Frameworks */,
			);
			runOnlyForDeploymentPostprocessing = 0;
		};
/* End PBXFrameworksBuildPhase section */

/* Begin PBXGroup section */
		1EF3682A36660E50467ED7B2 /* Frameworks */ = {
			isa = PBXGroup;
			children = (
				42FC1704D63DD5F2875F4ED1 /* Pods_EunhasuChat.framework */,
			);
			name = Frameworks;
			sourceTree = "<group>";
		};
		2EF4CC330F7D549542145432 /* Pods */ = {
			isa = PBXGroup;
			children = (
				529438A4691AA48FA9948679 /* Pods-EunhasuChat.debug.xcconfig */,
				48D3F69034EAC5B5F3549E52 /* Pods-EunhasuChat.release.xcconfig */,
			);
			path = Pods;
			sourceTree = "<group>";
		};
		4559A9B1266B992700AF4D8B = {
			isa = PBXGroup;
			children = (
				4559A9BC266B992700AF4D8B /* EunhasuChat */,
				4559A9BB266B992700AF4D8B /* Products */,
				2EF4CC330F7D549542145432 /* Pods */,
				1EF3682A36660E50467ED7B2 /* Frameworks */,
			);
			sourceTree = "<group>";
		};
		4559A9BB266B992700AF4D8B /* Products */ = {
			isa = PBXGroup;
			children = (
				4559A9BA266B992700AF4D8B /* EunhasuChat.app */,
			);
			name = Products;
			sourceTree = "<group>";
		};
		4559A9BC266B992700AF4D8B /* EunhasuChat */ = {
			isa = PBXGroup;
			children = (
				4559A9F3266B9AB100AF4D8B /* Screens */,
				4559A9F2266B9A9F00AF4D8B /* Globals */,
				4559A9C3266B992700AF4D8B /* EunhasuChat.xcdatamodeld */,
			);
			path = EunhasuChat;
			sourceTree = "<group>";
		};
		4559A9E5266B9A2A00AF4D8B /* Delegate */ = {
			isa = PBXGroup;
			children = (
				4559A9BD266B992700AF4D8B /* AppDelegate.swift */,
				4559A9BF266B992700AF4D8B /* SceneDelegate.swift */,
			);
			path = Delegate;
			sourceTree = "<group>";
		};
		4559A9E8266B9A3600AF4D8B /* Resources */ = {
			isa = PBXGroup;
			children = (
				4559A9C6266B992900AF4D8B /* Assets.xcassets */,
			);
			path = Resources;
			sourceTree = "<group>";
		};
		4559A9EE266B9A5200AF4D8B /* Supporting Files */ = {
			isa = PBXGroup;
			children = (
				4559A9CE266B992900AF4D8B /* Info.plist */,
			);
			path = "Supporting Files";
			sourceTree = "<group>";
		};
		4559A9F2266B9A9F00AF4D8B /* Globals */ = {
			isa = PBXGroup;
			children = (
				4559A9EE266B9A5200AF4D8B /* Supporting Files */,
				4559A9E8266B9A3600AF4D8B /* Resources */,
				4559A9E5266B9A2A00AF4D8B /* Delegate */,
			);
			path = Globals;
			sourceTree = "<group>";
		};
		4559A9F3266B9AB100AF4D8B /* Screens */ = {
			isa = PBXGroup;
			children = (
				4559A9F5266B9BC400AF4D8B /* LoginVC.swift */,
				4559A9CB266B992900AF4D8B /* LaunchScreen.storyboard */,
			);
			path = Screens;
			sourceTree = "<group>";
		};
/* End PBXGroup section */

/* Begin PBXNativeTarget section */
		4559A9B9266B992700AF4D8B /* EunhasuChat */ = {
			isa = PBXNativeTarget;
			buildConfigurationList = 4559A9D1266B992900AF4D8B /* Build configuration list for PBXNativeTarget "EunhasuChat" */;
			buildPhases = (
				21D1C5775956FA40C28908B1 /* [CP] Check Pods Manifest.lock */,
				4559A9B6266B992700AF4D8B /* Sources */,
				4559A9B7266B992700AF4D8B /* Frameworks */,
				4559A9B8266B992700AF4D8B /* Resources */,
				78808DC4CE8849C0FA2CE98E /* [CP] Embed Pods Frameworks */,
			);
			buildRules = (
			);
			dependencies = (
			);
			name = EunhasuChat;
			productName = EunhasuChat;
			productReference = 4559A9BA266B992700AF4D8B /* EunhasuChat.app */;
			productType = "com.apple.product-type.application";
		};
/* End PBXNativeTarget section */

/* Begin PBXProject section */
		4559A9B2266B992700AF4D8B /* Project object */ = {
			isa = PBXProject;
			attributes = {
				LastSwiftUpdateCheck = 1240;
				LastUpgradeCheck = 1240;
				TargetAttributes = {
					4559A9B9266B992700AF4D8B = {
						CreatedOnToolsVersion = 12.4;
					};
				};
			};
			buildConfigurationList = 4559A9B5266B992700AF4D8B /* Build configuration list for PBXProject "EunhasuChat" */;
			compatibilityVersion = "Xcode 9.3";
			developmentRegion = en;
			hasScannedForEncodings = 0;
			knownRegions = (
				en,
				Base,
			);
			mainGroup = 4559A9B1266B992700AF4D8B;
			productRefGroup = 4559A9BB266B992700AF4D8B /* Products */;
			projectDirPath = "";
			projectRoot = "";
			targets = (
				4559A9B9266B992700AF4D8B /* EunhasuChat */,
			);
		};
/* End PBXProject section */

/* Begin PBXResourcesBuildPhase section */
		4559A9B8266B992700AF4D8B /* Resources */ = {
			isa = PBXResourcesBuildPhase;
			buildActionMask = 2147483647;
			files = (
				4559A9CD266B992900AF4D8B /* LaunchScreen.storyboard in Resources */,
				4559A9C7266B992900AF4D8B /* Assets.xcassets in Resources */,
			);
			runOnlyForDeploymentPostprocessing = 0;
		};
/* End PBXResourcesBuildPhase section */

/* Begin PBXShellScriptBuildPhase section */
		21D1C5775956FA40C28908B1 /* [CP] Check Pods Manifest.lock */ = {
			isa = PBXShellScriptBuildPhase;
			buildActionMask = 2147483647;
			files = (
			);
			inputFileListPaths = (
			);
			inputPaths = (
				"${PODS_PODFILE_DIR_PATH}/Podfile.lock",
				"${PODS_ROOT}/Manifest.lock",
			);
			name = "[CP] Check Pods Manifest.lock";
			outputFileListPaths = (
			);
			outputPaths = (
				"$(DERIVED_FILE_DIR)/Pods-EunhasuChat-checkManifestLockResult.txt",
			);
			runOnlyForDeploymentPostprocessing = 0;
			shellPath = /bin/sh;
			shellScript = "diff \"${PODS_PODFILE_DIR_PATH}/Podfile.lock\" \"${PODS_ROOT}/Manifest.lock\" > /dev/null\nif [ $? != 0 ] ; then\n    # print error to STDERR\n    echo \"error: The sandbox is not in sync with the Podfile.lock. Run 'pod install' or update your CocoaPods installation.\" >&2\n    exit 1\nfi\n# This output is used by Xcode 'outputs' to avoid re-running this script phase.\necho \"SUCCESS\" > \"${SCRIPT_OUTPUT_FILE_0}\"\n";
			showEnvVarsInLog = 0;
		};
		78808DC4CE8849C0FA2CE98E /* [CP] Embed Pods Frameworks */ = {
			isa = PBXShellScriptBuildPhase;
			buildActionMask = 2147483647;
			files = (
			);
			inputFileListPaths = (
				"${PODS_ROOT}/Target Support Files/Pods-EunhasuChat/Pods-EunhasuChat-frameworks-${CONFIGURATION}-input-files.xcfilelist",
			);
			name = "[CP] Embed Pods Frameworks";
			outputFileListPaths = (
				"${PODS_ROOT}/Target Support Files/Pods-EunhasuChat/Pods-EunhasuChat-frameworks-${CONFIGURATION}-output-files.xcfilelist",
			);
			runOnlyForDeploymentPostprocessing = 0;
			shellPath = /bin/sh;
			shellScript = "\"${PODS_ROOT}/Target Support Files/Pods-EunhasuChat/Pods-EunhasuChat-frameworks.sh\"\n";
			showEnvVarsInLog = 0;
		};
/* End PBXShellScriptBuildPhase section */

/* Begin PBXSourcesBuildPhase section */
		4559A9B6266B992700AF4D8B /* Sources */ = {
			isa = PBXSourcesBuildPhase;
			buildActionMask = 2147483647;
			files = (
				4559A9BE266B992700AF4D8B /* AppDelegate.swift in Sources */,
				4559A9C5266B992700AF4D8B /* EunhasuChat.xcdatamodeld in Sources */,
				4559A9F6266B9BC400AF4D8B /* LoginVC.swift in Sources */,
				4559A9C0266B992700AF4D8B /* SceneDelegate.swift in Sources */,
			);
			runOnlyForDeploymentPostprocessing = 0;
		};
/* End PBXSourcesBuildPhase section */

/* Begin PBXVariantGroup section */
		4559A9CB266B992900AF4D8B /* LaunchScreen.storyboard */ = {
			isa = PBXVariantGroup;
			children = (
				4559A9CC266B992900AF4D8B /* Base */,
			);
			name = LaunchScreen.storyboard;
			sourceTree = "<group>";
		};
/* End PBXVariantGroup section */

/* Begin XCBuildConfiguration section */
		4559A9CF266B992900AF4D8B /* Debug */ = {
			isa = XCBuildConfiguration;
			buildSettings = {
				ALWAYS_SEARCH_USER_PATHS = NO;
				CLANG_ANALYZER_NONNULL = YES;
				CLANG_ANALYZER_NUMBER_OBJECT_CONVERSION = YES_AGGRESSIVE;
				CLANG_CXX_LANGUAGE_STANDARD = "gnu++14";
				CLANG_CXX_LIBRARY = "libc++";
				CLANG_ENABLE_MODULES = YES;
				CLANG_ENABLE_OBJC_ARC = YES;
				CLANG_ENABLE_OBJC_WEAK = YES;
				CLANG_WARN_BLOCK_CAPTURE_AUTORELEASING = YES;
				CLANG_WARN_BOOL_CONVERSION = YES;
				CLANG_WARN_COMMA = YES;
				CLANG_WARN_CONSTANT_CONVERSION = YES;
				CLANG_WARN_DEPRECATED_OBJC_IMPLEMENTATIONS = YES;
				CLANG_WARN_DIRECT_OBJC_ISA_USAGE = YES_ERROR;
				CLANG_WARN_DOCUMENTATION_COMMENTS = YES;
				CLANG_WARN_EMPTY_BODY = YES;
				CLANG_WARN_ENUM_CONVERSION = YES;
				CLANG_WARN_INFINITE_RECURSION = YES;
				CLANG_WARN_INT_CONVERSION = YES;
				CLANG_WARN_NON_LITERAL_NULL_CONVERSION = YES;
				CLANG_WARN_OBJC_IMPLICIT_RETAIN_SELF = YES;
				CLANG_WARN_OBJC_LITERAL_CONVERSION = YES;
				CLANG_WARN_OBJC_ROOT_CLASS = YES_ERROR;
				CLANG_WARN_QUOTED_INCLUDE_IN_FRAMEWORK_HEADER = YES;
				CLANG_WARN_RANGE_LOOP_ANALYSIS = YES;
				CLANG_WARN_STRICT_PROTOTYPES = YES;
				CLANG_WARN_SUSPICIOUS_MOVE = YES;
				CLANG_WARN_UNGUARDED_AVAILABILITY = YES_AGGRESSIVE;
				CLANG_WARN_UNREACHABLE_CODE = YES;
				CLANG_WARN__DUPLICATE_METHOD_MATCH = YES;
				COPY_PHASE_STRIP = NO;
				DEBUG_INFORMATION_FORMAT = dwarf;
				ENABLE_STRICT_OBJC_MSGSEND = YES;
				ENABLE_TESTABILITY = YES;
				GCC_C_LANGUAGE_STANDARD = gnu11;
				GCC_DYNAMIC_NO_PIC = NO;
				GCC_NO_COMMON_BLOCKS = YES;
				GCC_OPTIMIZATION_LEVEL = 0;
				GCC_PREPROCESSOR_DEFINITIONS = (
					"DEBUG=1",
					"$(inherited)",
				);
				GCC_WARN_64_TO_32_BIT_CONVERSION = YES;
				GCC_WARN_ABOUT_RETURN_TYPE = YES_ERROR;
				GCC_WARN_UNDECLARED_SELECTOR = YES;
				GCC_WARN_UNINITIALIZED_AUTOS = YES_AGGRESSIVE;
				GCC_WARN_UNUSED_FUNCTION = YES;
				GCC_WARN_UNUSED_VARIABLE = YES;
				IPHONEOS_DEPLOYMENT_TARGET = 14.4;
				MTL_ENABLE_DEBUG_INFO = INCLUDE_SOURCE;
				MTL_FAST_MATH = YES;
				ONLY_ACTIVE_ARCH = YES;
				SDKROOT = iphoneos;
				SWIFT_ACTIVE_COMPILATION_CONDITIONS = DEBUG;
				SWIFT_OPTIMIZATION_LEVEL = "-Onone";
			};
			name = Debug;
		};
		4559A9D0266B992900AF4D8B /* Release */ = {
			isa = XCBuildConfiguration;
			buildSettings = {
				ALWAYS_SEARCH_USER_PATHS = NO;
				CLANG_ANALYZER_NONNULL = YES;
				CLANG_ANALYZER_NUMBER_OBJECT_CONVERSION = YES_AGGRESSIVE;
				CLANG_CXX_LANGUAGE_STANDARD = "gnu++14";
				CLANG_CXX_LIBRARY = "libc++";
				CLANG_ENABLE_MODULES = YES;
				CLANG_ENABLE_OBJC_ARC = YES;
				CLANG_ENABLE_OBJC_WEAK = YES;
				CLANG_WARN_BLOCK_CAPTURE_AUTORELEASING = YES;
				CLANG_WARN_BOOL_CONVERSION = YES;
				CLANG_WARN_COMMA = YES;
				CLANG_WARN_CONSTANT_CONVERSION = YES;
				CLANG_WARN_DEPRECATED_OBJC_IMPLEMENTATIONS = YES;
				CLANG_WARN_DIRECT_OBJC_ISA_USAGE = YES_ERROR;
				CLANG_WARN_DOCUMENTATION_COMMENTS = YES;
				CLANG_WARN_EMPTY_BODY = YES;
				CLANG_WARN_ENUM_CONVERSION = YES;
				CLANG_WARN_INFINITE_RECURSION = YES;
				CLANG_WARN_INT_CONVERSION = YES;
				CLANG_WARN_NON_LITERAL_NULL_CONVERSION = YES;
				CLANG_WARN_OBJC_IMPLICIT_RETAIN_SELF = YES;
				CLANG_WARN_OBJC_LITERAL_CONVERSION = YES;
				CLANG_WARN_OBJC_ROOT_CLASS = YES_ERROR;
				CLANG_WARN_QUOTED_INCLUDE_IN_FRAMEWORK_HEADER = YES;
				CLANG_WARN_RANGE_LOOP_ANALYSIS = YES;
				CLANG_WARN_STRICT_PROTOTYPES = YES;
				CLANG_WARN_SUSPICIOUS_MOVE = YES;
				CLANG_WARN_UNGUARDED_AVAILABILITY = YES_AGGRESSIVE;
				CLANG_WARN_UNREACHABLE_CODE = YES;
				CLANG_WARN__DUPLICATE_METHOD_MATCH = YES;
				COPY_PHASE_STRIP = NO;
				DEBUG_INFORMATION_FORMAT = "dwarf-with-dsym";
				ENABLE_NS_ASSERTIONS = NO;
				ENABLE_STRICT_OBJC_MSGSEND = YES;
				GCC_C_LANGUAGE_STANDARD = gnu11;
				GCC_NO_COMMON_BLOCKS = YES;
				GCC_WARN_64_TO_32_BIT_CONVERSION = YES;
				GCC_WARN_ABOUT_RETURN_TYPE = YES_ERROR;
				GCC_WARN_UNDECLARED_SELECTOR = YES;
				GCC_WARN_UNINITIALIZED_AUTOS = YES_AGGRESSIVE;
				GCC_WARN_UNUSED_FUNCTION = YES;
				GCC_WARN_UNUSED_VARIABLE = YES;
				IPHONEOS_DEPLOYMENT_TARGET = 14.4;
				MTL_ENABLE_DEBUG_INFO = NO;
				MTL_FAST_MATH = YES;
				SDKROOT = iphoneos;
				SWIFT_COMPILATION_MODE = wholemodule;
				SWIFT_OPTIMIZATION_LEVEL = "-O";
				VALIDATE_PRODUCT = YES;
			};
			name = Release;
		};
		4559A9D2266B992900AF4D8B /* Debug */ = {
			isa = XCBuildConfiguration;
			baseConfigurationReference = 529438A4691AA48FA9948679 /* Pods-EunhasuChat.debug.xcconfig */;
			buildSettings = {
				ASSETCATALOG_COMPILER_APPICON_NAME = AppIcon;
				ASSETCATALOG_COMPILER_GLOBAL_ACCENT_COLOR_NAME = AccentColor;
				CODE_SIGN_STYLE = Automatic;
				DEVELOPMENT_ASSET_PATHS = "";
				ENABLE_PREVIEWS = YES;
				INFOPLIST_FILE = "EunhasuChat/Globals/Supporting Files/Info.plist";
				LD_RUNPATH_SEARCH_PATHS = (
					"$(inherited)",
					"@executable_path/Frameworks",
				);
				PRODUCT_BUNDLE_IDENTIFIER = com.eunwoo.EunhasuChat;
				PRODUCT_NAME = "$(TARGET_NAME)";
				SWIFT_VERSION = 5.0;
				TARGETED_DEVICE_FAMILY = "1,2";
			};
			name = Debug;
		};
		4559A9D3266B992900AF4D8B /* Release */ = {
			isa = XCBuildConfiguration;
			baseConfigurationReference = 48D3F69034EAC5B5F3549E52 /* Pods-EunhasuChat.release.xcconfig */;
			buildSettings = {
				ASSETCATALOG_COMPILER_APPICON_NAME = AppIcon;
				ASSETCATALOG_COMPILER_GLOBAL_ACCENT_COLOR_NAME = AccentColor;
				CODE_SIGN_STYLE = Automatic;
				DEVELOPMENT_ASSET_PATHS = "";
				ENABLE_PREVIEWS = YES;
				INFOPLIST_FILE = "EunhasuChat/Globals/Supporting Files/Info.plist";
				LD_RUNPATH_SEARCH_PATHS = (
					"$(inherited)",
					"@executable_path/Frameworks",
				);
				PRODUCT_BUNDLE_IDENTIFIER = com.eunwoo.EunhasuChat;
				PRODUCT_NAME = "$(TARGET_NAME)";
				SWIFT_VERSION = 5.0;
				TARGETED_DEVICE_FAMILY = "1,2";
			};
			name = Release;
		};
/* End XCBuildConfiguration section */

/* Begin XCConfigurationList section */
		4559A9B5266B992700AF4D8B /* Build configuration list for PBXProject "EunhasuChat" */ = {
			isa = XCConfigurationList;
			buildConfigurations = (
				4559A9CF266B992900AF4D8B /* Debug */,
				4559A9D0266B992900AF4D8B /* Release */,
			);
			defaultConfigurationIsVisible = 0;
			defaultConfigurationName = Release;
		};
		4559A9D1266B992900AF4D8B /* Build configuration list for PBXNativeTarget "EunhasuChat" */ = {
			isa = XCConfigurationList;
			buildConfigurations = (
				4559A9D2266B992900AF4D8B /* Debug */,
				4559A9D3266B992900AF4D8B /* Release */,
			);
			defaultConfigurationIsVisible = 0;
			defaultConfigurationName = Release;
		};
/* End XCConfigurationList section */

/* Begin XCVersionGroup section */
		4559A9C3266B992700AF4D8B /* EunhasuChat.xcdatamodeld */ = {
			isa = XCVersionGroup;
			children = (
				4559A9C4266B992700AF4D8B /* EunhasuChat.xcdatamodel */,
			);
			currentVersion = 4559A9C4266B992700AF4D8B /* EunhasuChat.xcdatamodel */;
			path = EunhasuChat.xcdatamodeld;
			sourceTree = "<group>";
			versionGroupType = wrapper.xcdatamodel;
		};
/* End XCVersionGroup section */
	};
	rootObject = 4559A9B2266B992700AF4D8B /* Project object */;
}
