// !$*UTF8*$!
{
	archiveVersion = 1;
	classes = {
	};
	objectVersion = 51;
	objects = {

/* Begin PBXBuildFile section */
		455EC745260A083A006A1654 /* AppDelegate.swift in Sources */ = {isa = PBXBuildFile; fileRef = 455EC744260A083A006A1654 /* AppDelegate.swift */; };
		455EC747260A083A006A1654 /* SceneDelegate.swift in Sources */ = {isa = PBXBuildFile; fileRef = 455EC746260A083A006A1654 /* SceneDelegate.swift */; };
		455EC74B260A083C006A1654 /* Assets.xcassets in Resources */ = {isa = PBXBuildFile; fileRef = 455EC74A260A083C006A1654 /* Assets.xcassets */; };
		455EC751260A083C006A1654 /* LaunchScreen.storyboard in Resources */ = {isa = PBXBuildFile; fileRef = 455EC74F260A083C006A1654 /* LaunchScreen.storyboard */; };
		455EC75D260A09F5006A1654 /* TodoListVC.swift in Sources */ = {isa = PBXBuildFile; fileRef = 455EC75C260A09F5006A1654 /* TodoListVC.swift */; };
		455EC76F260A0C44006A1654 /* TodoListTVCell.swift in Sources */ = {isa = PBXBuildFile; fileRef = 455EC76E260A0C44006A1654 /* TodoListTVCell.swift */; };
		455EC77A260A102B006A1654 /* Identify+Enum.swift in Sources */ = {isa = PBXBuildFile; fileRef = 455EC779260A102B006A1654 /* Identify+Enum.swift */; };
		455EC77D260A1A7A006A1654 /* InputVC.swift in Sources */ = {isa = PBXBuildFile; fileRef = 455EC77C260A1A7A006A1654 /* InputVC.swift */; };
		95FED3D2C1235F1CE17A9F38 /* Pods_Todo.framework in Frameworks */ = {isa = PBXBuildFile; fileRef = F6F542507A66BC2B1DA33D76 /* Pods_Todo.framework */; };
/* End PBXBuildFile section */

/* Begin PBXFileReference section */
		3931F51678FD302A9D913B7A /* Pods-Todo.release.xcconfig */ = {isa = PBXFileReference; includeInIndex = 1; lastKnownFileType = text.xcconfig; name = "Pods-Todo.release.xcconfig"; path = "Target Support Files/Pods-Todo/Pods-Todo.release.xcconfig"; sourceTree = "<group>"; };
		455EC741260A083A006A1654 /* Todo.app */ = {isa = PBXFileReference; explicitFileType = wrapper.application; includeInIndex = 0; path = Todo.app; sourceTree = BUILT_PRODUCTS_DIR; };
		455EC744260A083A006A1654 /* AppDelegate.swift */ = {isa = PBXFileReference; lastKnownFileType = sourcecode.swift; path = AppDelegate.swift; sourceTree = "<group>"; };
		455EC746260A083A006A1654 /* SceneDelegate.swift */ = {isa = PBXFileReference; lastKnownFileType = sourcecode.swift; path = SceneDelegate.swift; sourceTree = "<group>"; };
		455EC74A260A083C006A1654 /* Assets.xcassets */ = {isa = PBXFileReference; lastKnownFileType = folder.assetcatalog; path = Assets.xcassets; sourceTree = "<group>"; };
		455EC750260A083C006A1654 /* Base */ = {isa = PBXFileReference; lastKnownFileType = file.storyboard; name = Base; path = Base.lproj/LaunchScreen.storyboard; sourceTree = "<group>"; };
		455EC752260A083C006A1654 /* Info.plist */ = {isa = PBXFileReference; lastKnownFileType = text.plist.xml; path = Info.plist; sourceTree = "<group>"; };
		455EC75C260A09F5006A1654 /* TodoListVC.swift */ = {isa = PBXFileReference; lastKnownFileType = sourcecode.swift; path = TodoListVC.swift; sourceTree = "<group>"; };
		455EC76E260A0C44006A1654 /* TodoListTVCell.swift */ = {isa = PBXFileReference; lastKnownFileType = sourcecode.swift; path = TodoListTVCell.swift; sourceTree = "<group>"; };
		455EC779260A102B006A1654 /* Identify+Enum.swift */ = {isa = PBXFileReference; lastKnownFileType = sourcecode.swift; path = "Identify+Enum.swift"; sourceTree = "<group>"; };
		455EC77C260A1A7A006A1654 /* InputVC.swift */ = {isa = PBXFileReference; lastKnownFileType = sourcecode.swift; path = InputVC.swift; sourceTree = "<group>"; };
		A070C1DA7214A3D5BD3FEE06 /* Pods-Todo.debug.xcconfig */ = {isa = PBXFileReference; includeInIndex = 1; lastKnownFileType = text.xcconfig; name = "Pods-Todo.debug.xcconfig"; path = "Target Support Files/Pods-Todo/Pods-Todo.debug.xcconfig"; sourceTree = "<group>"; };
		F6F542507A66BC2B1DA33D76 /* Pods_Todo.framework */ = {isa = PBXFileReference; explicitFileType = wrapper.framework; includeInIndex = 0; path = Pods_Todo.framework; sourceTree = BUILT_PRODUCTS_DIR; };
/* End PBXFileReference section */

/* Begin PBXFrameworksBuildPhase section */
		455EC73E260A083A006A1654 /* Frameworks */ = {
			isa = PBXFrameworksBuildPhase;
			buildActionMask = 2147483647;
			files = (
				95FED3D2C1235F1CE17A9F38 /* Pods_Todo.framework in Frameworks */,
			);
			runOnlyForDeploymentPostprocessing = 0;
		};
/* End PBXFrameworksBuildPhase section */

/* Begin PBXGroup section */
		455EC738260A083A006A1654 = {
			isa = PBXGroup;
			children = (
				455EC743260A083A006A1654 /* Todo */,
				455EC742260A083A006A1654 /* Products */,
				A7473E3E63E761052EAFEABD /* Pods */,
				8EB1E6D32199251BA5C7A87D /* Frameworks */,
			);
			sourceTree = "<group>";
		};
		455EC742260A083A006A1654 /* Products */ = {
			isa = PBXGroup;
			children = (
				455EC741260A083A006A1654 /* Todo.app */,
			);
			name = Products;
			sourceTree = "<group>";
		};
		455EC743260A083A006A1654 /* Todo */ = {
			isa = PBXGroup;
			children = (
				455EC778260A101C006A1654 /* Enum */,
				455EC76D260A0C21006A1654 /* Views */,
				455EC76A260A0AA1006A1654 /* Supporting Files */,
				455EC769260A0A95006A1654 /* Resources */,
				455EC766260A0A86006A1654 /* Delegate */,
				455EC75B260A09C2006A1654 /* Controllers */,
				455EC74F260A083C006A1654 /* LaunchScreen.storyboard */,
			);
			path = Todo;
			sourceTree = "<group>";
		};
		455EC75B260A09C2006A1654 /* Controllers */ = {
			isa = PBXGroup;
			children = (
				455EC75C260A09F5006A1654 /* TodoListVC.swift */,
				455EC77C260A1A7A006A1654 /* InputVC.swift */,
			);
			path = Controllers;
			sourceTree = "<group>";
		};
		455EC766260A0A86006A1654 /* Delegate */ = {
			isa = PBXGroup;
			children = (
				455EC744260A083A006A1654 /* AppDelegate.swift */,
				455EC746260A083A006A1654 /* SceneDelegate.swift */,
			);
			path = Delegate;
			sourceTree = "<group>";
		};
		455EC769260A0A95006A1654 /* Resources */ = {
			isa = PBXGroup;
			children = (
				455EC74A260A083C006A1654 /* Assets.xcassets */,
			);
			path = Resources;
			sourceTree = "<group>";
		};
		455EC76A260A0AA1006A1654 /* Supporting Files */ = {
			isa = PBXGroup;
			children = (
				455EC752260A083C006A1654 /* Info.plist */,
			);
			path = "Supporting Files";
			sourceTree = "<group>";
		};
		455EC76D260A0C21006A1654 /* Views */ = {
			isa = PBXGroup;
			children = (
				455EC76E260A0C44006A1654 /* TodoListTVCell.swift */,
			);
			path = Views;
			sourceTree = "<group>";
		};
		455EC778260A101C006A1654 /* Enum */ = {
			isa = PBXGroup;
			children = (
				455EC779260A102B006A1654 /* Identify+Enum.swift */,
			);
			path = Enum;
			sourceTree = "<group>";
		};
		8EB1E6D32199251BA5C7A87D /* Frameworks */ = {
			isa = PBXGroup;
			children = (
				F6F542507A66BC2B1DA33D76 /* Pods_Todo.framework */,
			);
			name = Frameworks;
			sourceTree = "<group>";
		};
		A7473E3E63E761052EAFEABD /* Pods */ = {
			isa = PBXGroup;
			children = (
				A070C1DA7214A3D5BD3FEE06 /* Pods-Todo.debug.xcconfig */,
				3931F51678FD302A9D913B7A /* Pods-Todo.release.xcconfig */,
			);
			path = Pods;
			sourceTree = "<group>";
		};
/* End PBXGroup section */

/* Begin PBXNativeTarget section */
		455EC740260A083A006A1654 /* Todo */ = {
			isa = PBXNativeTarget;
			buildConfigurationList = 455EC755260A083C006A1654 /* Build configuration list for PBXNativeTarget "Todo" */;
			buildPhases = (
				A0B15B81691752A7B623ABA9 /* [CP] Check Pods Manifest.lock */,
				455EC73D260A083A006A1654 /* Sources */,
				455EC73E260A083A006A1654 /* Frameworks */,
				455EC73F260A083A006A1654 /* Resources */,
				40B255042939701E8CE63704 /* [CP] Embed Pods Frameworks */,
			);
			buildRules = (
			);
			dependencies = (
			);
			name = Todo;
			productName = Todo;
			productReference = 455EC741260A083A006A1654 /* Todo.app */;
			productType = "com.apple.product-type.application";
		};
/* End PBXNativeTarget section */

/* Begin PBXProject section */
		455EC739260A083A006A1654 /* Project object */ = {
			isa = PBXProject;
			attributes = {
				LastSwiftUpdateCheck = 1240;
				LastUpgradeCheck = 1240;
				TargetAttributes = {
					455EC740260A083A006A1654 = {
						CreatedOnToolsVersion = 12.4;
					};
				};
			};
			buildConfigurationList = 455EC73C260A083A006A1654 /* Build configuration list for PBXProject "Todo" */;
			compatibilityVersion = "Xcode 9.3";
			developmentRegion = en;
			hasScannedForEncodings = 0;
			knownRegions = (
				en,
				Base,
			);
			mainGroup = 455EC738260A083A006A1654;
			productRefGroup = 455EC742260A083A006A1654 /* Products */;
			projectDirPath = "";
			projectRoot = "";
			targets = (
				455EC740260A083A006A1654 /* Todo */,
			);
		};
/* End PBXProject section */

/* Begin PBXResourcesBuildPhase section */
		455EC73F260A083A006A1654 /* Resources */ = {
			isa = PBXResourcesBuildPhase;
			buildActionMask = 2147483647;
			files = (
				455EC751260A083C006A1654 /* LaunchScreen.storyboard in Resources */,
				455EC74B260A083C006A1654 /* Assets.xcassets in Resources */,
			);
			runOnlyForDeploymentPostprocessing = 0;
		};
/* End PBXResourcesBuildPhase section */

/* Begin PBXShellScriptBuildPhase section */
		40B255042939701E8CE63704 /* [CP] Embed Pods Frameworks */ = {
			isa = PBXShellScriptBuildPhase;
			buildActionMask = 2147483647;
			files = (
			);
			inputFileListPaths = (
				"${PODS_ROOT}/Target Support Files/Pods-Todo/Pods-Todo-frameworks-${CONFIGURATION}-input-files.xcfilelist",
			);
			name = "[CP] Embed Pods Frameworks";
			outputFileListPaths = (
				"${PODS_ROOT}/Target Support Files/Pods-Todo/Pods-Todo-frameworks-${CONFIGURATION}-output-files.xcfilelist",
			);
			runOnlyForDeploymentPostprocessing = 0;
			shellPath = /bin/sh;
			shellScript = "\"${PODS_ROOT}/Target Support Files/Pods-Todo/Pods-Todo-frameworks.sh\"\n";
			showEnvVarsInLog = 0;
		};
		A0B15B81691752A7B623ABA9 /* [CP] Check Pods Manifest.lock */ = {
			isa = PBXShellScriptBuildPhase;
			buildActionMask = 2147483647;
			files = (
			);
			inputFileListPaths = (
			);
			inputPaths = (
				"${PODS_PODFILE_DIR_PATH}/Podfile.lock",
				"${PODS_ROOT}/Manifest.lock",
			);
			name = "[CP] Check Pods Manifest.lock";
			outputFileListPaths = (
			);
			outputPaths = (
				"$(DERIVED_FILE_DIR)/Pods-Todo-checkManifestLockResult.txt",
			);
			runOnlyForDeploymentPostprocessing = 0;
			shellPath = /bin/sh;
			shellScript = "diff \"${PODS_PODFILE_DIR_PATH}/Podfile.lock\" \"${PODS_ROOT}/Manifest.lock\" > /dev/null\nif [ $? != 0 ] ; then\n    # print error to STDERR\n    echo \"error: The sandbox is not in sync with the Podfile.lock. Run 'pod install' or update your CocoaPods installation.\" >&2\n    exit 1\nfi\n# This output is used by Xcode 'outputs' to avoid re-running this script phase.\necho \"SUCCESS\" > \"${SCRIPT_OUTPUT_FILE_0}\"\n";
			showEnvVarsInLog = 0;
		};
/* End PBXShellScriptBuildPhase section */

/* Begin PBXSourcesBuildPhase section */
		455EC73D260A083A006A1654 /* Sources */ = {
			isa = PBXSourcesBuildPhase;
			buildActionMask = 2147483647;
			files = (
				455EC745260A083A006A1654 /* AppDelegate.swift in Sources */,
				455EC77A260A102B006A1654 /* Identify+Enum.swift in Sources */,
				455EC747260A083A006A1654 /* SceneDelegate.swift in Sources */,
				455EC75D260A09F5006A1654 /* TodoListVC.swift in Sources */,
				455EC76F260A0C44006A1654 /* TodoListTVCell.swift in Sources */,
				455EC77D260A1A7A006A1654 /* InputVC.swift in Sources */,
			);
			runOnlyForDeploymentPostprocessing = 0;
		};
/* End PBXSourcesBuildPhase section */

/* Begin PBXVariantGroup section */
		455EC74F260A083C006A1654 /* LaunchScreen.storyboard */ = {
			isa = PBXVariantGroup;
			children = (
				455EC750260A083C006A1654 /* Base */,
			);
			name = LaunchScreen.storyboard;
			sourceTree = "<group>";
		};
/* End PBXVariantGroup section */

/* Begin XCBuildConfiguration section */
		455EC753260A083C006A1654 /* Debug */ = {
			isa = XCBuildConfiguration;
			buildSettings = {
				ALWAYS_SEARCH_USER_PATHS = NO;
				CLANG_ANALYZER_NONNULL = YES;
				CLANG_ANALYZER_NUMBER_OBJECT_CONVERSION = YES_AGGRESSIVE;
				CLANG_CXX_LANGUAGE_STANDARD = "gnu++14";
				CLANG_CXX_LIBRARY = "libc++";
				CLANG_ENABLE_MODULES = YES;
				CLANG_ENABLE_OBJC_ARC = YES;
				CLANG_ENABLE_OBJC_WEAK = YES;
				CLANG_WARN_BLOCK_CAPTURE_AUTORELEASING = YES;
				CLANG_WARN_BOOL_CONVERSION = YES;
				CLANG_WARN_COMMA = YES;
				CLANG_WARN_CONSTANT_CONVERSION = YES;
				CLANG_WARN_DEPRECATED_OBJC_IMPLEMENTATIONS = YES;
				CLANG_WARN_DIRECT_OBJC_ISA_USAGE = YES_ERROR;
				CLANG_WARN_DOCUMENTATION_COMMENTS = YES;
				CLANG_WARN_EMPTY_BODY = YES;
				CLANG_WARN_ENUM_CONVERSION = YES;
				CLANG_WARN_INFINITE_RECURSION = YES;
				CLANG_WARN_INT_CONVERSION = YES;
				CLANG_WARN_NON_LITERAL_NULL_CONVERSION = YES;
				CLANG_WARN_OBJC_IMPLICIT_RETAIN_SELF = YES;
				CLANG_WARN_OBJC_LITERAL_CONVERSION = YES;
				CLANG_WARN_OBJC_ROOT_CLASS = YES_ERROR;
				CLANG_WARN_QUOTED_INCLUDE_IN_FRAMEWORK_HEADER = YES;
				CLANG_WARN_RANGE_LOOP_ANALYSIS = YES;
				CLANG_WARN_STRICT_PROTOTYPES = YES;
				CLANG_WARN_SUSPICIOUS_MOVE = YES;
				CLANG_WARN_UNGUARDED_AVAILABILITY = YES_AGGRESSIVE;
				CLANG_WARN_UNREACHABLE_CODE = YES;
				CLANG_WARN__DUPLICATE_METHOD_MATCH = YES;
				COPY_PHASE_STRIP = NO;
				DEBUG_INFORMATION_FORMAT = dwarf;
				ENABLE_STRICT_OBJC_MSGSEND = YES;
				ENABLE_TESTABILITY = YES;
				GCC_C_LANGUAGE_STANDARD = gnu11;
				GCC_DYNAMIC_NO_PIC = NO;
				GCC_NO_COMMON_BLOCKS = YES;
				GCC_OPTIMIZATION_LEVEL = 0;
				GCC_PREPROCESSOR_DEFINITIONS = (
					"DEBUG=1",
					"$(inherited)",
				);
				GCC_WARN_64_TO_32_BIT_CONVERSION = YES;
				GCC_WARN_ABOUT_RETURN_TYPE = YES_ERROR;
				GCC_WARN_UNDECLARED_SELECTOR = YES;
				GCC_WARN_UNINITIALIZED_AUTOS = YES_AGGRESSIVE;
				GCC_WARN_UNUSED_FUNCTION = YES;
				GCC_WARN_UNUSED_VARIABLE = YES;
				IPHONEOS_DEPLOYMENT_TARGET = 14.4;
				MTL_ENABLE_DEBUG_INFO = INCLUDE_SOURCE;
				MTL_FAST_MATH = YES;
				ONLY_ACTIVE_ARCH = YES;
				SDKROOT = iphoneos;
				SWIFT_ACTIVE_COMPILATION_CONDITIONS = DEBUG;
				SWIFT_OPTIMIZATION_LEVEL = "-Onone";
			};
			name = Debug;
		};
		455EC754260A083C006A1654 /* Release */ = {
			isa = XCBuildConfiguration;
			buildSettings = {
				ALWAYS_SEARCH_USER_PATHS = NO;
				CLANG_ANALYZER_NONNULL = YES;
				CLANG_ANALYZER_NUMBER_OBJECT_CONVERSION = YES_AGGRESSIVE;
				CLANG_CXX_LANGUAGE_STANDARD = "gnu++14";
				CLANG_CXX_LIBRARY = "libc++";
				CLANG_ENABLE_MODULES = YES;
				CLANG_ENABLE_OBJC_ARC = YES;
				CLANG_ENABLE_OBJC_WEAK = YES;
				CLANG_WARN_BLOCK_CAPTURE_AUTORELEASING = YES;
				CLANG_WARN_BOOL_CONVERSION = YES;
				CLANG_WARN_COMMA = YES;
				CLANG_WARN_CONSTANT_CONVERSION = YES;
				CLANG_WARN_DEPRECATED_OBJC_IMPLEMENTATIONS = YES;
				CLANG_WARN_DIRECT_OBJC_ISA_USAGE = YES_ERROR;
				CLANG_WARN_DOCUMENTATION_COMMENTS = YES;
				CLANG_WARN_EMPTY_BODY = YES;
				CLANG_WARN_ENUM_CONVERSION = YES;
				CLANG_WARN_INFINITE_RECURSION = YES;
				CLANG_WARN_INT_CONVERSION = YES;
				CLANG_WARN_NON_LITERAL_NULL_CONVERSION = YES;
				CLANG_WARN_OBJC_IMPLICIT_RETAIN_SELF = YES;
				CLANG_WARN_OBJC_LITERAL_CONVERSION = YES;
				CLANG_WARN_OBJC_ROOT_CLASS = YES_ERROR;
				CLANG_WARN_QUOTED_INCLUDE_IN_FRAMEWORK_HEADER = YES;
				CLANG_WARN_RANGE_LOOP_ANALYSIS = YES;
				CLANG_WARN_STRICT_PROTOTYPES = YES;
				CLANG_WARN_SUSPICIOUS_MOVE = YES;
				CLANG_WARN_UNGUARDED_AVAILABILITY = YES_AGGRESSIVE;
				CLANG_WARN_UNREACHABLE_CODE = YES;
				CLANG_WARN__DUPLICATE_METHOD_MATCH = YES;
				COPY_PHASE_STRIP = NO;
				DEBUG_INFORMATION_FORMAT = "dwarf-with-dsym";
				ENABLE_NS_ASSERTIONS = NO;
				ENABLE_STRICT_OBJC_MSGSEND = YES;
				GCC_C_LANGUAGE_STANDARD = gnu11;
				GCC_NO_COMMON_BLOCKS = YES;
				GCC_WARN_64_TO_32_BIT_CONVERSION = YES;
				GCC_WARN_ABOUT_RETURN_TYPE = YES_ERROR;
				GCC_WARN_UNDECLARED_SELECTOR = YES;
				GCC_WARN_UNINITIALIZED_AUTOS = YES_AGGRESSIVE;
				GCC_WARN_UNUSED_FUNCTION = YES;
				GCC_WARN_UNUSED_VARIABLE = YES;
				IPHONEOS_DEPLOYMENT_TARGET = 14.4;
				MTL_ENABLE_DEBUG_INFO = NO;
				MTL_FAST_MATH = YES;
				SDKROOT = iphoneos;
				SWIFT_COMPILATION_MODE = wholemodule;
				SWIFT_OPTIMIZATION_LEVEL = "-O";
				VALIDATE_PRODUCT = YES;
			};
			name = Release;
		};
		455EC756260A083C006A1654 /* Debug */ = {
			isa = XCBuildConfiguration;
			baseConfigurationReference = A070C1DA7214A3D5BD3FEE06 /* Pods-Todo.debug.xcconfig */;
			buildSettings = {
				ASSETCATALOG_COMPILER_APPICON_NAME = AppIcon;
				ASSETCATALOG_COMPILER_GLOBAL_ACCENT_COLOR_NAME = AccentColor;
				CODE_SIGN_STYLE = Automatic;
				DEVELOPMENT_ASSET_PATHS = "";
				ENABLE_PREVIEWS = YES;
				INFOPLIST_FILE = "Todo/Supporting Files/Info.plist";
				LD_RUNPATH_SEARCH_PATHS = (
					"$(inherited)",
					"@executable_path/Frameworks",
				);
				PRODUCT_BUNDLE_IDENTIFIER = com.eunwoo.Todo;
				PRODUCT_NAME = "$(TARGET_NAME)";
				SWIFT_VERSION = 5.0;
				TARGETED_DEVICE_FAMILY = "1,2";
			};
			name = Debug;
		};
		455EC757260A083C006A1654 /* Release */ = {
			isa = XCBuildConfiguration;
			baseConfigurationReference = 3931F51678FD302A9D913B7A /* Pods-Todo.release.xcconfig */;
			buildSettings = {
				ASSETCATALOG_COMPILER_APPICON_NAME = AppIcon;
				ASSETCATALOG_COMPILER_GLOBAL_ACCENT_COLOR_NAME = AccentColor;
				CODE_SIGN_STYLE = Automatic;
				DEVELOPMENT_ASSET_PATHS = "";
				ENABLE_PREVIEWS = YES;
				INFOPLIST_FILE = "Todo/Supporting Files/Info.plist";
				LD_RUNPATH_SEARCH_PATHS = (
					"$(inherited)",
					"@executable_path/Frameworks",
				);
				PRODUCT_BUNDLE_IDENTIFIER = com.eunwoo.Todo;
				PRODUCT_NAME = "$(TARGET_NAME)";
				SWIFT_VERSION = 5.0;
				TARGETED_DEVICE_FAMILY = "1,2";
			};
			name = Release;
		};
/* End XCBuildConfiguration section */

/* Begin XCConfigurationList section */
		455EC73C260A083A006A1654 /* Build configuration list for PBXProject "Todo" */ = {
			isa = XCConfigurationList;
			buildConfigurations = (
				455EC753260A083C006A1654 /* Debug */,
				455EC754260A083C006A1654 /* Release */,
			);
			defaultConfigurationIsVisible = 0;
			defaultConfigurationName = Release;
		};
		455EC755260A083C006A1654 /* Build configuration list for PBXNativeTarget "Todo" */ = {
			isa = XCConfigurationList;
			buildConfigurations = (
				455EC756260A083C006A1654 /* Debug */,
				455EC757260A083C006A1654 /* Release */,
			);
			defaultConfigurationIsVisible = 0;
			defaultConfigurationName = Release;
		};
/* End XCConfigurationList section */
	};
	rootObject = 455EC739260A083A006A1654 /* Project object */;
}
