// !$*UTF8*$!
{
	archiveVersion = 1;
	classes = {
	};
	objectVersion = 51;
	objects = {

/* Begin PBXBuildFile section */
		45380433260D9B6E00F2E8E5 /* AppDelegate.swift in Sources */ = {isa = PBXBuildFile; fileRef = 45380432260D9B6E00F2E8E5 /* AppDelegate.swift */; };
		45380435260D9B6E00F2E8E5 /* SceneDelegate.swift in Sources */ = {isa = PBXBuildFile; fileRef = 45380434260D9B6E00F2E8E5 /* SceneDelegate.swift */; };
		45380439260D9B7000F2E8E5 /* Assets.xcassets in Resources */ = {isa = PBXBuildFile; fileRef = 45380438260D9B7000F2E8E5 /* Assets.xcassets */; };
		4538043F260D9B7000F2E8E5 /* LaunchScreen.storyboard in Resources */ = {isa = PBXBuildFile; fileRef = 4538043D260D9B7000F2E8E5 /* LaunchScreen.storyboard */; };
		45380454260D9CF400F2E8E5 /* HomeVC.swift in Sources */ = {isa = PBXBuildFile; fileRef = 45380453260D9CF400F2E8E5 /* HomeVC.swift */; };
		4538045A260D9EBC00F2E8E5 /* HighlightedButton.swift in Sources */ = {isa = PBXBuildFile; fileRef = 45380459260D9EBC00F2E8E5 /* HighlightedButton.swift */; };
		79ECC9AEFE66C26125D2212B /* Pods_CustomFont.framework in Frameworks */ = {isa = PBXBuildFile; fileRef = 479848AA90342A8D688FD2B3 /* Pods_CustomFont.framework */; };
/* End PBXBuildFile section */

/* Begin PBXFileReference section */
		35E1C1BE29BFAA93DDF825DE /* Pods-CustomFont.release.xcconfig */ = {isa = PBXFileReference; includeInIndex = 1; lastKnownFileType = text.xcconfig; name = "Pods-CustomFont.release.xcconfig"; path = "Target Support Files/Pods-CustomFont/Pods-CustomFont.release.xcconfig"; sourceTree = "<group>"; };
		4538042F260D9B6E00F2E8E5 /* CustomFont.app */ = {isa = PBXFileReference; explicitFileType = wrapper.application; includeInIndex = 0; path = CustomFont.app; sourceTree = BUILT_PRODUCTS_DIR; };
		45380432260D9B6E00F2E8E5 /* AppDelegate.swift */ = {isa = PBXFileReference; lastKnownFileType = sourcecode.swift; path = AppDelegate.swift; sourceTree = "<group>"; };
		45380434260D9B6E00F2E8E5 /* SceneDelegate.swift */ = {isa = PBXFileReference; lastKnownFileType = sourcecode.swift; path = SceneDelegate.swift; sourceTree = "<group>"; };
		45380438260D9B7000F2E8E5 /* Assets.xcassets */ = {isa = PBXFileReference; lastKnownFileType = folder.assetcatalog; path = Assets.xcassets; sourceTree = "<group>"; };
		4538043E260D9B7000F2E8E5 /* Base */ = {isa = PBXFileReference; lastKnownFileType = file.storyboard; name = Base; path = Base.lproj/LaunchScreen.storyboard; sourceTree = "<group>"; };
		45380440260D9B7000F2E8E5 /* Info.plist */ = {isa = PBXFileReference; lastKnownFileType = text.plist.xml; path = Info.plist; sourceTree = "<group>"; };
		45380453260D9CF400F2E8E5 /* HomeVC.swift */ = {isa = PBXFileReference; lastKnownFileType = sourcecode.swift; path = HomeVC.swift; sourceTree = "<group>"; };
		45380459260D9EBC00F2E8E5 /* HighlightedButton.swift */ = {isa = PBXFileReference; lastKnownFileType = sourcecode.swift; path = HighlightedButton.swift; sourceTree = "<group>"; };
		479848AA90342A8D688FD2B3 /* Pods_CustomFont.framework */ = {isa = PBXFileReference; explicitFileType = wrapper.framework; includeInIndex = 0; path = Pods_CustomFont.framework; sourceTree = BUILT_PRODUCTS_DIR; };
		EB98D243030CD3F5AC89ACE9 /* Pods-CustomFont.debug.xcconfig */ = {isa = PBXFileReference; includeInIndex = 1; lastKnownFileType = text.xcconfig; name = "Pods-CustomFont.debug.xcconfig"; path = "Target Support Files/Pods-CustomFont/Pods-CustomFont.debug.xcconfig"; sourceTree = "<group>"; };
/* End PBXFileReference section */

/* Begin PBXFrameworksBuildPhase section */
		4538042C260D9B6E00F2E8E5 /* Frameworks */ = {
			isa = PBXFrameworksBuildPhase;
			buildActionMask = 2147483647;
			files = (
				79ECC9AEFE66C26125D2212B /* Pods_CustomFont.framework in Frameworks */,
			);
			runOnlyForDeploymentPostprocessing = 0;
		};
/* End PBXFrameworksBuildPhase section */

/* Begin PBXGroup section */
		2F5F936367EB031280CFC0CB /* Pods */ = {
			isa = PBXGroup;
			children = (
				EB98D243030CD3F5AC89ACE9 /* Pods-CustomFont.debug.xcconfig */,
				35E1C1BE29BFAA93DDF825DE /* Pods-CustomFont.release.xcconfig */,
			);
			path = Pods;
			sourceTree = "<group>";
		};
		45380426260D9B6E00F2E8E5 = {
			isa = PBXGroup;
			children = (
				45380431260D9B6E00F2E8E5 /* CustomFont */,
				45380430260D9B6E00F2E8E5 /* Products */,
				2F5F936367EB031280CFC0CB /* Pods */,
				A8A36B2F87B142DBD52B7E7D /* Frameworks */,
			);
			sourceTree = "<group>";
		};
		45380430260D9B6E00F2E8E5 /* Products */ = {
			isa = PBXGroup;
			children = (
				4538042F260D9B6E00F2E8E5 /* CustomFont.app */,
			);
			name = Products;
			sourceTree = "<group>";
		};
		45380431260D9B6E00F2E8E5 /* CustomFont */ = {
			isa = PBXGroup;
			children = (
				45380457260D9E9900F2E8E5 /* Util */,
				45380452260D9CD900F2E8E5 /* Controllers */,
				45380451260D9CC200F2E8E5 /* Supporting Files */,
				45380450260D9CB500F2E8E5 /* Resources */,
				4538044D260D9CA000F2E8E5 /* Delegate */,
				4538043D260D9B7000F2E8E5 /* LaunchScreen.storyboard */,
			);
			path = CustomFont;
			sourceTree = "<group>";
		};
		4538044D260D9CA000F2E8E5 /* Delegate */ = {
			isa = PBXGroup;
			children = (
				45380432260D9B6E00F2E8E5 /* AppDelegate.swift */,
				45380434260D9B6E00F2E8E5 /* SceneDelegate.swift */,
			);
			path = Delegate;
			sourceTree = "<group>";
		};
		45380450260D9CB500F2E8E5 /* Resources */ = {
			isa = PBXGroup;
			children = (
				45380438260D9B7000F2E8E5 /* Assets.xcassets */,
			);
			path = Resources;
			sourceTree = "<group>";
		};
		45380451260D9CC200F2E8E5 /* Supporting Files */ = {
			isa = PBXGroup;
			children = (
				45380440260D9B7000F2E8E5 /* Info.plist */,
			);
			path = "Supporting Files";
			sourceTree = "<group>";
		};
		45380452260D9CD900F2E8E5 /* Controllers */ = {
			isa = PBXGroup;
			children = (
				45380453260D9CF400F2E8E5 /* HomeVC.swift */,
			);
			path = Controllers;
			sourceTree = "<group>";
		};
		45380457260D9E9900F2E8E5 /* Util */ = {
			isa = PBXGroup;
			children = (
				45380459260D9EBC00F2E8E5 /* HighlightedButton.swift */,
			);
			path = Util;
			sourceTree = "<group>";
		};
		A8A36B2F87B142DBD52B7E7D /* Frameworks */ = {
			isa = PBXGroup;
			children = (
				479848AA90342A8D688FD2B3 /* Pods_CustomFont.framework */,
			);
			name = Frameworks;
			sourceTree = "<group>";
		};
/* End PBXGroup section */

/* Begin PBXNativeTarget section */
		4538042E260D9B6E00F2E8E5 /* CustomFont */ = {
			isa = PBXNativeTarget;
			buildConfigurationList = 45380443260D9B7000F2E8E5 /* Build configuration list for PBXNativeTarget "CustomFont" */;
			buildPhases = (
				955240547EFC84D96B0C0D1C /* [CP] Check Pods Manifest.lock */,
				4538042B260D9B6E00F2E8E5 /* Sources */,
				4538042C260D9B6E00F2E8E5 /* Frameworks */,
				4538042D260D9B6E00F2E8E5 /* Resources */,
				21C9ED5BC0F2F5BD9F85EF33 /* [CP] Embed Pods Frameworks */,
			);
			buildRules = (
			);
			dependencies = (
			);
			name = CustomFont;
			productName = CustomFont;
			productReference = 4538042F260D9B6E00F2E8E5 /* CustomFont.app */;
			productType = "com.apple.product-type.application";
		};
/* End PBXNativeTarget section */

/* Begin PBXProject section */
		45380427260D9B6E00F2E8E5 /* Project object */ = {
			isa = PBXProject;
			attributes = {
				LastSwiftUpdateCheck = 1240;
				LastUpgradeCheck = 1240;
				TargetAttributes = {
					4538042E260D9B6E00F2E8E5 = {
						CreatedOnToolsVersion = 12.4;
					};
				};
			};
			buildConfigurationList = 4538042A260D9B6E00F2E8E5 /* Build configuration list for PBXProject "CustomFont" */;
			compatibilityVersion = "Xcode 9.3";
			developmentRegion = en;
			hasScannedForEncodings = 0;
			knownRegions = (
				en,
				Base,
			);
			mainGroup = 45380426260D9B6E00F2E8E5;
			productRefGroup = 45380430260D9B6E00F2E8E5 /* Products */;
			projectDirPath = "";
			projectRoot = "";
			targets = (
				4538042E260D9B6E00F2E8E5 /* CustomFont */,
			);
		};
/* End PBXProject section */

/* Begin PBXResourcesBuildPhase section */
		4538042D260D9B6E00F2E8E5 /* Resources */ = {
			isa = PBXResourcesBuildPhase;
			buildActionMask = 2147483647;
			files = (
				4538043F260D9B7000F2E8E5 /* LaunchScreen.storyboard in Resources */,
				45380439260D9B7000F2E8E5 /* Assets.xcassets in Resources */,
			);
			runOnlyForDeploymentPostprocessing = 0;
		};
/* End PBXResourcesBuildPhase section */

/* Begin PBXShellScriptBuildPhase section */
		21C9ED5BC0F2F5BD9F85EF33 /* [CP] Embed Pods Frameworks */ = {
			isa = PBXShellScriptBuildPhase;
			buildActionMask = 2147483647;
			files = (
			);
			inputFileListPaths = (
				"${PODS_ROOT}/Target Support Files/Pods-CustomFont/Pods-CustomFont-frameworks-${CONFIGURATION}-input-files.xcfilelist",
			);
			name = "[CP] Embed Pods Frameworks";
			outputFileListPaths = (
				"${PODS_ROOT}/Target Support Files/Pods-CustomFont/Pods-CustomFont-frameworks-${CONFIGURATION}-output-files.xcfilelist",
			);
			runOnlyForDeploymentPostprocessing = 0;
			shellPath = /bin/sh;
			shellScript = "\"${PODS_ROOT}/Target Support Files/Pods-CustomFont/Pods-CustomFont-frameworks.sh\"\n";
			showEnvVarsInLog = 0;
		};
		955240547EFC84D96B0C0D1C /* [CP] Check Pods Manifest.lock */ = {
			isa = PBXShellScriptBuildPhase;
			buildActionMask = 2147483647;
			files = (
			);
			inputFileListPaths = (
			);
			inputPaths = (
				"${PODS_PODFILE_DIR_PATH}/Podfile.lock",
				"${PODS_ROOT}/Manifest.lock",
			);
			name = "[CP] Check Pods Manifest.lock";
			outputFileListPaths = (
			);
			outputPaths = (
				"$(DERIVED_FILE_DIR)/Pods-CustomFont-checkManifestLockResult.txt",
			);
			runOnlyForDeploymentPostprocessing = 0;
			shellPath = /bin/sh;
			shellScript = "diff \"${PODS_PODFILE_DIR_PATH}/Podfile.lock\" \"${PODS_ROOT}/Manifest.lock\" > /dev/null\nif [ $? != 0 ] ; then\n    # print error to STDERR\n    echo \"error: The sandbox is not in sync with the Podfile.lock. Run 'pod install' or update your CocoaPods installation.\" >&2\n    exit 1\nfi\n# This output is used by Xcode 'outputs' to avoid re-running this script phase.\necho \"SUCCESS\" > \"${SCRIPT_OUTPUT_FILE_0}\"\n";
			showEnvVarsInLog = 0;
		};
/* End PBXShellScriptBuildPhase section */

/* Begin PBXSourcesBuildPhase section */
		4538042B260D9B6E00F2E8E5 /* Sources */ = {
			isa = PBXSourcesBuildPhase;
			buildActionMask = 2147483647;
			files = (
				45380454260D9CF400F2E8E5 /* HomeVC.swift in Sources */,
				45380433260D9B6E00F2E8E5 /* AppDelegate.swift in Sources */,
				45380435260D9B6E00F2E8E5 /* SceneDelegate.swift in Sources */,
				4538045A260D9EBC00F2E8E5 /* HighlightedButton.swift in Sources */,
			);
			runOnlyForDeploymentPostprocessing = 0;
		};
/* End PBXSourcesBuildPhase section */

/* Begin PBXVariantGroup section */
		4538043D260D9B7000F2E8E5 /* LaunchScreen.storyboard */ = {
			isa = PBXVariantGroup;
			children = (
				4538043E260D9B7000F2E8E5 /* Base */,
			);
			name = LaunchScreen.storyboard;
			sourceTree = "<group>";
		};
/* End PBXVariantGroup section */

/* Begin XCBuildConfiguration section */
		45380441260D9B7000F2E8E5 /* Debug */ = {
			isa = XCBuildConfiguration;
			buildSettings = {
				ALWAYS_SEARCH_USER_PATHS = NO;
				CLANG_ANALYZER_NONNULL = YES;
				CLANG_ANALYZER_NUMBER_OBJECT_CONVERSION = YES_AGGRESSIVE;
				CLANG_CXX_LANGUAGE_STANDARD = "gnu++14";
				CLANG_CXX_LIBRARY = "libc++";
				CLANG_ENABLE_MODULES = YES;
				CLANG_ENABLE_OBJC_ARC = YES;
				CLANG_ENABLE_OBJC_WEAK = YES;
				CLANG_WARN_BLOCK_CAPTURE_AUTORELEASING = YES;
				CLANG_WARN_BOOL_CONVERSION = YES;
				CLANG_WARN_COMMA = YES;
				CLANG_WARN_CONSTANT_CONVERSION = YES;
				CLANG_WARN_DEPRECATED_OBJC_IMPLEMENTATIONS = YES;
				CLANG_WARN_DIRECT_OBJC_ISA_USAGE = YES_ERROR;
				CLANG_WARN_DOCUMENTATION_COMMENTS = YES;
				CLANG_WARN_EMPTY_BODY = YES;
				CLANG_WARN_ENUM_CONVERSION = YES;
				CLANG_WARN_INFINITE_RECURSION = YES;
				CLANG_WARN_INT_CONVERSION = YES;
				CLANG_WARN_NON_LITERAL_NULL_CONVERSION = YES;
				CLANG_WARN_OBJC_IMPLICIT_RETAIN_SELF = YES;
				CLANG_WARN_OBJC_LITERAL_CONVERSION = YES;
				CLANG_WARN_OBJC_ROOT_CLASS = YES_ERROR;
				CLANG_WARN_QUOTED_INCLUDE_IN_FRAMEWORK_HEADER = YES;
				CLANG_WARN_RANGE_LOOP_ANALYSIS = YES;
				CLANG_WARN_STRICT_PROTOTYPES = YES;
				CLANG_WARN_SUSPICIOUS_MOVE = YES;
				CLANG_WARN_UNGUARDED_AVAILABILITY = YES_AGGRESSIVE;
				CLANG_WARN_UNREACHABLE_CODE = YES;
				CLANG_WARN__DUPLICATE_METHOD_MATCH = YES;
				COPY_PHASE_STRIP = NO;
				DEBUG_INFORMATION_FORMAT = dwarf;
				ENABLE_STRICT_OBJC_MSGSEND = YES;
				ENABLE_TESTABILITY = YES;
				GCC_C_LANGUAGE_STANDARD = gnu11;
				GCC_DYNAMIC_NO_PIC = NO;
				GCC_NO_COMMON_BLOCKS = YES;
				GCC_OPTIMIZATION_LEVEL = 0;
				GCC_PREPROCESSOR_DEFINITIONS = (
					"DEBUG=1",
					"$(inherited)",
				);
				GCC_WARN_64_TO_32_BIT_CONVERSION = YES;
				GCC_WARN_ABOUT_RETURN_TYPE = YES_ERROR;
				GCC_WARN_UNDECLARED_SELECTOR = YES;
				GCC_WARN_UNINITIALIZED_AUTOS = YES_AGGRESSIVE;
				GCC_WARN_UNUSED_FUNCTION = YES;
				GCC_WARN_UNUSED_VARIABLE = YES;
				IPHONEOS_DEPLOYMENT_TARGET = 14.4;
				MTL_ENABLE_DEBUG_INFO = INCLUDE_SOURCE;
				MTL_FAST_MATH = YES;
				ONLY_ACTIVE_ARCH = YES;
				SDKROOT = iphoneos;
				SWIFT_ACTIVE_COMPILATION_CONDITIONS = DEBUG;
				SWIFT_OPTIMIZATION_LEVEL = "-Onone";
			};
			name = Debug;
		};
		45380442260D9B7000F2E8E5 /* Release */ = {
			isa = XCBuildConfiguration;
			buildSettings = {
				ALWAYS_SEARCH_USER_PATHS = NO;
				CLANG_ANALYZER_NONNULL = YES;
				CLANG_ANALYZER_NUMBER_OBJECT_CONVERSION = YES_AGGRESSIVE;
				CLANG_CXX_LANGUAGE_STANDARD = "gnu++14";
				CLANG_CXX_LIBRARY = "libc++";
				CLANG_ENABLE_MODULES = YES;
				CLANG_ENABLE_OBJC_ARC = YES;
				CLANG_ENABLE_OBJC_WEAK = YES;
				CLANG_WARN_BLOCK_CAPTURE_AUTORELEASING = YES;
				CLANG_WARN_BOOL_CONVERSION = YES;
				CLANG_WARN_COMMA = YES;
				CLANG_WARN_CONSTANT_CONVERSION = YES;
				CLANG_WARN_DEPRECATED_OBJC_IMPLEMENTATIONS = YES;
				CLANG_WARN_DIRECT_OBJC_ISA_USAGE = YES_ERROR;
				CLANG_WARN_DOCUMENTATION_COMMENTS = YES;
				CLANG_WARN_EMPTY_BODY = YES;
				CLANG_WARN_ENUM_CONVERSION = YES;
				CLANG_WARN_INFINITE_RECURSION = YES;
				CLANG_WARN_INT_CONVERSION = YES;
				CLANG_WARN_NON_LITERAL_NULL_CONVERSION = YES;
				CLANG_WARN_OBJC_IMPLICIT_RETAIN_SELF = YES;
				CLANG_WARN_OBJC_LITERAL_CONVERSION = YES;
				CLANG_WARN_OBJC_ROOT_CLASS = YES_ERROR;
				CLANG_WARN_QUOTED_INCLUDE_IN_FRAMEWORK_HEADER = YES;
				CLANG_WARN_RANGE_LOOP_ANALYSIS = YES;
				CLANG_WARN_STRICT_PROTOTYPES = YES;
				CLANG_WARN_SUSPICIOUS_MOVE = YES;
				CLANG_WARN_UNGUARDED_AVAILABILITY = YES_AGGRESSIVE;
				CLANG_WARN_UNREACHABLE_CODE = YES;
				CLANG_WARN__DUPLICATE_METHOD_MATCH = YES;
				COPY_PHASE_STRIP = NO;
				DEBUG_INFORMATION_FORMAT = "dwarf-with-dsym";
				ENABLE_NS_ASSERTIONS = NO;
				ENABLE_STRICT_OBJC_MSGSEND = YES;
				GCC_C_LANGUAGE_STANDARD = gnu11;
				GCC_NO_COMMON_BLOCKS = YES;
				GCC_WARN_64_TO_32_BIT_CONVERSION = YES;
				GCC_WARN_ABOUT_RETURN_TYPE = YES_ERROR;
				GCC_WARN_UNDECLARED_SELECTOR = YES;
				GCC_WARN_UNINITIALIZED_AUTOS = YES_AGGRESSIVE;
				GCC_WARN_UNUSED_FUNCTION = YES;
				GCC_WARN_UNUSED_VARIABLE = YES;
				IPHONEOS_DEPLOYMENT_TARGET = 14.4;
				MTL_ENABLE_DEBUG_INFO = NO;
				MTL_FAST_MATH = YES;
				SDKROOT = iphoneos;
				SWIFT_COMPILATION_MODE = wholemodule;
				SWIFT_OPTIMIZATION_LEVEL = "-O";
				VALIDATE_PRODUCT = YES;
			};
			name = Release;
		};
		45380444260D9B7000F2E8E5 /* Debug */ = {
			isa = XCBuildConfiguration;
			baseConfigurationReference = EB98D243030CD3F5AC89ACE9 /* Pods-CustomFont.debug.xcconfig */;
			buildSettings = {
				ASSETCATALOG_COMPILER_APPICON_NAME = AppIcon;
				ASSETCATALOG_COMPILER_GLOBAL_ACCENT_COLOR_NAME = AccentColor;
				CODE_SIGN_STYLE = Automatic;
				DEVELOPMENT_ASSET_PATHS = "";
				ENABLE_PREVIEWS = YES;
				INFOPLIST_FILE = "CustomFont/Supporting Files/Info.plist";
				LD_RUNPATH_SEARCH_PATHS = (
					"$(inherited)",
					"@executable_path/Frameworks",
				);
				PRODUCT_BUNDLE_IDENTIFIER = com.eunwoo.CustomFont;
				PRODUCT_NAME = "$(TARGET_NAME)";
				SWIFT_VERSION = 5.0;
				TARGETED_DEVICE_FAMILY = "1,2";
			};
			name = Debug;
		};
		45380445260D9B7000F2E8E5 /* Release */ = {
			isa = XCBuildConfiguration;
			baseConfigurationReference = 35E1C1BE29BFAA93DDF825DE /* Pods-CustomFont.release.xcconfig */;
			buildSettings = {
				ASSETCATALOG_COMPILER_APPICON_NAME = AppIcon;
				ASSETCATALOG_COMPILER_GLOBAL_ACCENT_COLOR_NAME = AccentColor;
				CODE_SIGN_STYLE = Automatic;
				DEVELOPMENT_ASSET_PATHS = "";
				ENABLE_PREVIEWS = YES;
				INFOPLIST_FILE = "CustomFont/Supporting Files/Info.plist";
				LD_RUNPATH_SEARCH_PATHS = (
					"$(inherited)",
					"@executable_path/Frameworks",
				);
				PRODUCT_BUNDLE_IDENTIFIER = com.eunwoo.CustomFont;
				PRODUCT_NAME = "$(TARGET_NAME)";
				SWIFT_VERSION = 5.0;
				TARGETED_DEVICE_FAMILY = "1,2";
			};
			name = Release;
		};
/* End XCBuildConfiguration section */

/* Begin XCConfigurationList section */
		4538042A260D9B6E00F2E8E5 /* Build configuration list for PBXProject "CustomFont" */ = {
			isa = XCConfigurationList;
			buildConfigurations = (
				45380441260D9B7000F2E8E5 /* Debug */,
				45380442260D9B7000F2E8E5 /* Release */,
			);
			defaultConfigurationIsVisible = 0;
			defaultConfigurationName = Release;
		};
		45380443260D9B7000F2E8E5 /* Build configuration list for PBXNativeTarget "CustomFont" */ = {
			isa = XCConfigurationList;
			buildConfigurations = (
				45380444260D9B7000F2E8E5 /* Debug */,
				45380445260D9B7000F2E8E5 /* Release */,
			);
			defaultConfigurationIsVisible = 0;
			defaultConfigurationName = Release;
		};
/* End XCConfigurationList section */
	};
	rootObject = 45380427260D9B6E00F2E8E5 /* Project object */;
}
