// !$*UTF8*$!
{
	archiveVersion = 1;
	classes = {
	};
	objectVersion = 51;
	objects = {

/* Begin PBXBuildFile section */
		319E22D87469A8E3E7A14CB9 /* Pods_AnimalSearch.framework in Frameworks */ = {isa = PBXBuildFile; fileRef = 1A52B47B54E8B82F1E42075D /* Pods_AnimalSearch.framework */; };
		4595BA1D26119AE800EAC14B /* AppDelegate.swift in Sources */ = {isa = PBXBuildFile; fileRef = 4595BA1C26119AE800EAC14B /* AppDelegate.swift */; };
		4595BA1F26119AE800EAC14B /* SceneDelegate.swift in Sources */ = {isa = PBXBuildFile; fileRef = 4595BA1E26119AE800EAC14B /* SceneDelegate.swift */; };
		4595BA2326119AE900EAC14B /* Assets.xcassets in Resources */ = {isa = PBXBuildFile; fileRef = 4595BA2226119AE900EAC14B /* Assets.xcassets */; };
		4595BA2926119AE900EAC14B /* LaunchScreen.storyboard in Resources */ = {isa = PBXBuildFile; fileRef = 4595BA2726119AE900EAC14B /* LaunchScreen.storyboard */; };
		4595BA3C26119C0A00EAC14B /* HomeVC.swift in Sources */ = {isa = PBXBuildFile; fileRef = 4595BA3B26119C0A00EAC14B /* HomeVC.swift */; };
/* End PBXBuildFile section */

/* Begin PBXFileReference section */
		1A52B47B54E8B82F1E42075D /* Pods_AnimalSearch.framework */ = {isa = PBXFileReference; explicitFileType = wrapper.framework; includeInIndex = 0; path = Pods_AnimalSearch.framework; sourceTree = BUILT_PRODUCTS_DIR; };
		4595BA1926119AE800EAC14B /* AnimalSearch.app */ = {isa = PBXFileReference; explicitFileType = wrapper.application; includeInIndex = 0; path = AnimalSearch.app; sourceTree = BUILT_PRODUCTS_DIR; };
		4595BA1C26119AE800EAC14B /* AppDelegate.swift */ = {isa = PBXFileReference; lastKnownFileType = sourcecode.swift; path = AppDelegate.swift; sourceTree = "<group>"; };
		4595BA1E26119AE800EAC14B /* SceneDelegate.swift */ = {isa = PBXFileReference; lastKnownFileType = sourcecode.swift; path = SceneDelegate.swift; sourceTree = "<group>"; };
		4595BA2226119AE900EAC14B /* Assets.xcassets */ = {isa = PBXFileReference; lastKnownFileType = folder.assetcatalog; path = Assets.xcassets; sourceTree = "<group>"; };
		4595BA2826119AE900EAC14B /* Base */ = {isa = PBXFileReference; lastKnownFileType = file.storyboard; name = Base; path = Base.lproj/LaunchScreen.storyboard; sourceTree = "<group>"; };
		4595BA2A26119AE900EAC14B /* Info.plist */ = {isa = PBXFileReference; lastKnownFileType = text.plist.xml; path = Info.plist; sourceTree = "<group>"; };
		4595BA3B26119C0A00EAC14B /* HomeVC.swift */ = {isa = PBXFileReference; lastKnownFileType = sourcecode.swift; path = HomeVC.swift; sourceTree = "<group>"; };
		9F10E3E7D1FA289C21E7F6C0 /* Pods-AnimalSearch.release.xcconfig */ = {isa = PBXFileReference; includeInIndex = 1; lastKnownFileType = text.xcconfig; name = "Pods-AnimalSearch.release.xcconfig"; path = "Target Support Files/Pods-AnimalSearch/Pods-AnimalSearch.release.xcconfig"; sourceTree = "<group>"; };
		F8A69F5477708E6E71885D0F /* Pods-AnimalSearch.debug.xcconfig */ = {isa = PBXFileReference; includeInIndex = 1; lastKnownFileType = text.xcconfig; name = "Pods-AnimalSearch.debug.xcconfig"; path = "Target Support Files/Pods-AnimalSearch/Pods-AnimalSearch.debug.xcconfig"; sourceTree = "<group>"; };
/* End PBXFileReference section */

/* Begin PBXFrameworksBuildPhase section */
		4595BA1626119AE800EAC14B /* Frameworks */ = {
			isa = PBXFrameworksBuildPhase;
			buildActionMask = 2147483647;
			files = (
				319E22D87469A8E3E7A14CB9 /* Pods_AnimalSearch.framework in Frameworks */,
			);
			runOnlyForDeploymentPostprocessing = 0;
		};
/* End PBXFrameworksBuildPhase section */

/* Begin PBXGroup section */
		1E25BCA5FCB693B469A58E48 /* Pods */ = {
			isa = PBXGroup;
			children = (
				F8A69F5477708E6E71885D0F /* Pods-AnimalSearch.debug.xcconfig */,
				9F10E3E7D1FA289C21E7F6C0 /* Pods-AnimalSearch.release.xcconfig */,
			);
			path = Pods;
			sourceTree = "<group>";
		};
		4595BA1026119AE800EAC14B = {
			isa = PBXGroup;
			children = (
				4595BA1B26119AE800EAC14B /* AnimalSearch */,
				4595BA1A26119AE800EAC14B /* Products */,
				1E25BCA5FCB693B469A58E48 /* Pods */,
				C61C8C60BD5DC1524A410EB3 /* Frameworks */,
			);
			sourceTree = "<group>";
		};
		4595BA1A26119AE800EAC14B /* Products */ = {
			isa = PBXGroup;
			children = (
				4595BA1926119AE800EAC14B /* AnimalSearch.app */,
			);
			name = Products;
			sourceTree = "<group>";
		};
		4595BA1B26119AE800EAC14B /* AnimalSearch */ = {
			isa = PBXGroup;
			children = (
				4595BA3A26119BEC00EAC14B /* Controllers */,
				4595BA3626119B9200EAC14B /* Supporting Files */,
				4595BA3526119B8900EAC14B /* Resources */,
				4595BA3326119B7B00EAC14B /* Delegate */,
				4595BA2726119AE900EAC14B /* LaunchScreen.storyboard */,
			);
			path = AnimalSearch;
			sourceTree = "<group>";
		};
		4595BA3326119B7B00EAC14B /* Delegate */ = {
			isa = PBXGroup;
			children = (
				4595BA1C26119AE800EAC14B /* AppDelegate.swift */,
				4595BA1E26119AE800EAC14B /* SceneDelegate.swift */,
			);
			path = Delegate;
			sourceTree = "<group>";
		};
		4595BA3526119B8900EAC14B /* Resources */ = {
			isa = PBXGroup;
			children = (
				4595BA2226119AE900EAC14B /* Assets.xcassets */,
			);
			path = Resources;
			sourceTree = "<group>";
		};
		4595BA3626119B9200EAC14B /* Supporting Files */ = {
			isa = PBXGroup;
			children = (
				4595BA2A26119AE900EAC14B /* Info.plist */,
			);
			path = "Supporting Files";
			sourceTree = "<group>";
		};
		4595BA3A26119BEC00EAC14B /* Controllers */ = {
			isa = PBXGroup;
			children = (
				4595BA3B26119C0A00EAC14B /* HomeVC.swift */,
			);
			path = Controllers;
			sourceTree = "<group>";
		};
		C61C8C60BD5DC1524A410EB3 /* Frameworks */ = {
			isa = PBXGroup;
			children = (
				1A52B47B54E8B82F1E42075D /* Pods_AnimalSearch.framework */,
			);
			name = Frameworks;
			sourceTree = "<group>";
		};
/* End PBXGroup section */

/* Begin PBXNativeTarget section */
		4595BA1826119AE800EAC14B /* AnimalSearch */ = {
			isa = PBXNativeTarget;
			buildConfigurationList = 4595BA2D26119AE900EAC14B /* Build configuration list for PBXNativeTarget "AnimalSearch" */;
			buildPhases = (
				BFBE4567F5335C00397A2D4B /* [CP] Check Pods Manifest.lock */,
				4595BA1526119AE800EAC14B /* Sources */,
				4595BA1626119AE800EAC14B /* Frameworks */,
				4595BA1726119AE800EAC14B /* Resources */,
				8173A20FA3FA65BFB6B2448B /* [CP] Embed Pods Frameworks */,
			);
			buildRules = (
			);
			dependencies = (
			);
			name = AnimalSearch;
			productName = AnimalSearch;
			productReference = 4595BA1926119AE800EAC14B /* AnimalSearch.app */;
			productType = "com.apple.product-type.application";
		};
/* End PBXNativeTarget section */

/* Begin PBXProject section */
		4595BA1126119AE800EAC14B /* Project object */ = {
			isa = PBXProject;
			attributes = {
				LastSwiftUpdateCheck = 1240;
				LastUpgradeCheck = 1240;
				TargetAttributes = {
					4595BA1826119AE800EAC14B = {
						CreatedOnToolsVersion = 12.4;
					};
				};
			};
			buildConfigurationList = 4595BA1426119AE800EAC14B /* Build configuration list for PBXProject "AnimalSearch" */;
			compatibilityVersion = "Xcode 9.3";
			developmentRegion = en;
			hasScannedForEncodings = 0;
			knownRegions = (
				en,
				Base,
			);
			mainGroup = 4595BA1026119AE800EAC14B;
			productRefGroup = 4595BA1A26119AE800EAC14B /* Products */;
			projectDirPath = "";
			projectRoot = "";
			targets = (
				4595BA1826119AE800EAC14B /* AnimalSearch */,
			);
		};
/* End PBXProject section */

/* Begin PBXResourcesBuildPhase section */
		4595BA1726119AE800EAC14B /* Resources */ = {
			isa = PBXResourcesBuildPhase;
			buildActionMask = 2147483647;
			files = (
				4595BA2926119AE900EAC14B /* LaunchScreen.storyboard in Resources */,
				4595BA2326119AE900EAC14B /* Assets.xcassets in Resources */,
			);
			runOnlyForDeploymentPostprocessing = 0;
		};
/* End PBXResourcesBuildPhase section */

/* Begin PBXShellScriptBuildPhase section */
		8173A20FA3FA65BFB6B2448B /* [CP] Embed Pods Frameworks */ = {
			isa = PBXShellScriptBuildPhase;
			buildActionMask = 2147483647;
			files = (
			);
			inputFileListPaths = (
				"${PODS_ROOT}/Target Support Files/Pods-AnimalSearch/Pods-AnimalSearch-frameworks-${CONFIGURATION}-input-files.xcfilelist",
			);
			name = "[CP] Embed Pods Frameworks";
			outputFileListPaths = (
				"${PODS_ROOT}/Target Support Files/Pods-AnimalSearch/Pods-AnimalSearch-frameworks-${CONFIGURATION}-output-files.xcfilelist",
			);
			runOnlyForDeploymentPostprocessing = 0;
			shellPath = /bin/sh;
			shellScript = "\"${PODS_ROOT}/Target Support Files/Pods-AnimalSearch/Pods-AnimalSearch-frameworks.sh\"\n";
			showEnvVarsInLog = 0;
		};
		BFBE4567F5335C00397A2D4B /* [CP] Check Pods Manifest.lock */ = {
			isa = PBXShellScriptBuildPhase;
			buildActionMask = 2147483647;
			files = (
			);
			inputFileListPaths = (
			);
			inputPaths = (
				"${PODS_PODFILE_DIR_PATH}/Podfile.lock",
				"${PODS_ROOT}/Manifest.lock",
			);
			name = "[CP] Check Pods Manifest.lock";
			outputFileListPaths = (
			);
			outputPaths = (
				"$(DERIVED_FILE_DIR)/Pods-AnimalSearch-checkManifestLockResult.txt",
			);
			runOnlyForDeploymentPostprocessing = 0;
			shellPath = /bin/sh;
			shellScript = "diff \"${PODS_PODFILE_DIR_PATH}/Podfile.lock\" \"${PODS_ROOT}/Manifest.lock\" > /dev/null\nif [ $? != 0 ] ; then\n    # print error to STDERR\n    echo \"error: The sandbox is not in sync with the Podfile.lock. Run 'pod install' or update your CocoaPods installation.\" >&2\n    exit 1\nfi\n# This output is used by Xcode 'outputs' to avoid re-running this script phase.\necho \"SUCCESS\" > \"${SCRIPT_OUTPUT_FILE_0}\"\n";
			showEnvVarsInLog = 0;
		};
/* End PBXShellScriptBuildPhase section */

/* Begin PBXSourcesBuildPhase section */
		4595BA1526119AE800EAC14B /* Sources */ = {
			isa = PBXSourcesBuildPhase;
			buildActionMask = 2147483647;
			files = (
				4595BA3C26119C0A00EAC14B /* HomeVC.swift in Sources */,
				4595BA1D26119AE800EAC14B /* AppDelegate.swift in Sources */,
				4595BA1F26119AE800EAC14B /* SceneDelegate.swift in Sources */,
			);
			runOnlyForDeploymentPostprocessing = 0;
		};
/* End PBXSourcesBuildPhase section */

/* Begin PBXVariantGroup section */
		4595BA2726119AE900EAC14B /* LaunchScreen.storyboard */ = {
			isa = PBXVariantGroup;
			children = (
				4595BA2826119AE900EAC14B /* Base */,
			);
			name = LaunchScreen.storyboard;
			sourceTree = "<group>";
		};
/* End PBXVariantGroup section */

/* Begin XCBuildConfiguration section */
		4595BA2B26119AE900EAC14B /* Debug */ = {
			isa = XCBuildConfiguration;
			buildSettings = {
				ALWAYS_SEARCH_USER_PATHS = NO;
				CLANG_ANALYZER_NONNULL = YES;
				CLANG_ANALYZER_NUMBER_OBJECT_CONVERSION = YES_AGGRESSIVE;
				CLANG_CXX_LANGUAGE_STANDARD = "gnu++14";
				CLANG_CXX_LIBRARY = "libc++";
				CLANG_ENABLE_MODULES = YES;
				CLANG_ENABLE_OBJC_ARC = YES;
				CLANG_ENABLE_OBJC_WEAK = YES;
				CLANG_WARN_BLOCK_CAPTURE_AUTORELEASING = YES;
				CLANG_WARN_BOOL_CONVERSION = YES;
				CLANG_WARN_COMMA = YES;
				CLANG_WARN_CONSTANT_CONVERSION = YES;
				CLANG_WARN_DEPRECATED_OBJC_IMPLEMENTATIONS = YES;
				CLANG_WARN_DIRECT_OBJC_ISA_USAGE = YES_ERROR;
				CLANG_WARN_DOCUMENTATION_COMMENTS = YES;
				CLANG_WARN_EMPTY_BODY = YES;
				CLANG_WARN_ENUM_CONVERSION = YES;
				CLANG_WARN_INFINITE_RECURSION = YES;
				CLANG_WARN_INT_CONVERSION = YES;
				CLANG_WARN_NON_LITERAL_NULL_CONVERSION = YES;
				CLANG_WARN_OBJC_IMPLICIT_RETAIN_SELF = YES;
				CLANG_WARN_OBJC_LITERAL_CONVERSION = YES;
				CLANG_WARN_OBJC_ROOT_CLASS = YES_ERROR;
				CLANG_WARN_QUOTED_INCLUDE_IN_FRAMEWORK_HEADER = YES;
				CLANG_WARN_RANGE_LOOP_ANALYSIS = YES;
				CLANG_WARN_STRICT_PROTOTYPES = YES;
				CLANG_WARN_SUSPICIOUS_MOVE = YES;
				CLANG_WARN_UNGUARDED_AVAILABILITY = YES_AGGRESSIVE;
				CLANG_WARN_UNREACHABLE_CODE = YES;
				CLANG_WARN__DUPLICATE_METHOD_MATCH = YES;
				COPY_PHASE_STRIP = NO;
				DEBUG_INFORMATION_FORMAT = dwarf;
				ENABLE_STRICT_OBJC_MSGSEND = YES;
				ENABLE_TESTABILITY = YES;
				GCC_C_LANGUAGE_STANDARD = gnu11;
				GCC_DYNAMIC_NO_PIC = NO;
				GCC_NO_COMMON_BLOCKS = YES;
				GCC_OPTIMIZATION_LEVEL = 0;
				GCC_PREPROCESSOR_DEFINITIONS = (
					"DEBUG=1",
					"$(inherited)",
				);
				GCC_WARN_64_TO_32_BIT_CONVERSION = YES;
				GCC_WARN_ABOUT_RETURN_TYPE = YES_ERROR;
				GCC_WARN_UNDECLARED_SELECTOR = YES;
				GCC_WARN_UNINITIALIZED_AUTOS = YES_AGGRESSIVE;
				GCC_WARN_UNUSED_FUNCTION = YES;
				GCC_WARN_UNUSED_VARIABLE = YES;
				IPHONEOS_DEPLOYMENT_TARGET = 14.4;
				MTL_ENABLE_DEBUG_INFO = INCLUDE_SOURCE;
				MTL_FAST_MATH = YES;
				ONLY_ACTIVE_ARCH = YES;
				SDKROOT = iphoneos;
				SWIFT_ACTIVE_COMPILATION_CONDITIONS = DEBUG;
				SWIFT_OPTIMIZATION_LEVEL = "-Onone";
			};
			name = Debug;
		};
		4595BA2C26119AE900EAC14B /* Release */ = {
			isa = XCBuildConfiguration;
			buildSettings = {
				ALWAYS_SEARCH_USER_PATHS = NO;
				CLANG_ANALYZER_NONNULL = YES;
				CLANG_ANALYZER_NUMBER_OBJECT_CONVERSION = YES_AGGRESSIVE;
				CLANG_CXX_LANGUAGE_STANDARD = "gnu++14";
				CLANG_CXX_LIBRARY = "libc++";
				CLANG_ENABLE_MODULES = YES;
				CLANG_ENABLE_OBJC_ARC = YES;
				CLANG_ENABLE_OBJC_WEAK = YES;
				CLANG_WARN_BLOCK_CAPTURE_AUTORELEASING = YES;
				CLANG_WARN_BOOL_CONVERSION = YES;
				CLANG_WARN_COMMA = YES;
				CLANG_WARN_CONSTANT_CONVERSION = YES;
				CLANG_WARN_DEPRECATED_OBJC_IMPLEMENTATIONS = YES;
				CLANG_WARN_DIRECT_OBJC_ISA_USAGE = YES_ERROR;
				CLANG_WARN_DOCUMENTATION_COMMENTS = YES;
				CLANG_WARN_EMPTY_BODY = YES;
				CLANG_WARN_ENUM_CONVERSION = YES;
				CLANG_WARN_INFINITE_RECURSION = YES;
				CLANG_WARN_INT_CONVERSION = YES;
				CLANG_WARN_NON_LITERAL_NULL_CONVERSION = YES;
				CLANG_WARN_OBJC_IMPLICIT_RETAIN_SELF = YES;
				CLANG_WARN_OBJC_LITERAL_CONVERSION = YES;
				CLANG_WARN_OBJC_ROOT_CLASS = YES_ERROR;
				CLANG_WARN_QUOTED_INCLUDE_IN_FRAMEWORK_HEADER = YES;
				CLANG_WARN_RANGE_LOOP_ANALYSIS = YES;
				CLANG_WARN_STRICT_PROTOTYPES = YES;
				CLANG_WARN_SUSPICIOUS_MOVE = YES;
				CLANG_WARN_UNGUARDED_AVAILABILITY = YES_AGGRESSIVE;
				CLANG_WARN_UNREACHABLE_CODE = YES;
				CLANG_WARN__DUPLICATE_METHOD_MATCH = YES;
				COPY_PHASE_STRIP = NO;
				DEBUG_INFORMATION_FORMAT = "dwarf-with-dsym";
				ENABLE_NS_ASSERTIONS = NO;
				ENABLE_STRICT_OBJC_MSGSEND = YES;
				GCC_C_LANGUAGE_STANDARD = gnu11;
				GCC_NO_COMMON_BLOCKS = YES;
				GCC_WARN_64_TO_32_BIT_CONVERSION = YES;
				GCC_WARN_ABOUT_RETURN_TYPE = YES_ERROR;
				GCC_WARN_UNDECLARED_SELECTOR = YES;
				GCC_WARN_UNINITIALIZED_AUTOS = YES_AGGRESSIVE;
				GCC_WARN_UNUSED_FUNCTION = YES;
				GCC_WARN_UNUSED_VARIABLE = YES;
				IPHONEOS_DEPLOYMENT_TARGET = 14.4;
				MTL_ENABLE_DEBUG_INFO = NO;
				MTL_FAST_MATH = YES;
				SDKROOT = iphoneos;
				SWIFT_COMPILATION_MODE = wholemodule;
				SWIFT_OPTIMIZATION_LEVEL = "-O";
				VALIDATE_PRODUCT = YES;
			};
			name = Release;
		};
		4595BA2E26119AE900EAC14B /* Debug */ = {
			isa = XCBuildConfiguration;
			baseConfigurationReference = F8A69F5477708E6E71885D0F /* Pods-AnimalSearch.debug.xcconfig */;
			buildSettings = {
				ASSETCATALOG_COMPILER_APPICON_NAME = AppIcon;
				ASSETCATALOG_COMPILER_GLOBAL_ACCENT_COLOR_NAME = AccentColor;
				CODE_SIGN_STYLE = Automatic;
				DEVELOPMENT_ASSET_PATHS = "";
				ENABLE_PREVIEWS = YES;
				INFOPLIST_FILE = "AnimalSearch/Supporting Files/Info.plist";
				LD_RUNPATH_SEARCH_PATHS = (
					"$(inherited)",
					"@executable_path/Frameworks",
				);
				PRODUCT_BUNDLE_IDENTIFIER = com.eunwoo.AnimalSearch;
				PRODUCT_NAME = "$(TARGET_NAME)";
				SWIFT_VERSION = 5.0;
				TARGETED_DEVICE_FAMILY = "1,2";
			};
			name = Debug;
		};
		4595BA2F26119AE900EAC14B /* Release */ = {
			isa = XCBuildConfiguration;
			baseConfigurationReference = 9F10E3E7D1FA289C21E7F6C0 /* Pods-AnimalSearch.release.xcconfig */;
			buildSettings = {
				ASSETCATALOG_COMPILER_APPICON_NAME = AppIcon;
				ASSETCATALOG_COMPILER_GLOBAL_ACCENT_COLOR_NAME = AccentColor;
				CODE_SIGN_STYLE = Automatic;
				DEVELOPMENT_ASSET_PATHS = "";
				ENABLE_PREVIEWS = YES;
				INFOPLIST_FILE = "AnimalSearch/Supporting Files/Info.plist";
				LD_RUNPATH_SEARCH_PATHS = (
					"$(inherited)",
					"@executable_path/Frameworks",
				);
				PRODUCT_BUNDLE_IDENTIFIER = com.eunwoo.AnimalSearch;
				PRODUCT_NAME = "$(TARGET_NAME)";
				SWIFT_VERSION = 5.0;
				TARGETED_DEVICE_FAMILY = "1,2";
			};
			name = Release;
		};
/* End XCBuildConfiguration section */

/* Begin XCConfigurationList section */
		4595BA1426119AE800EAC14B /* Build configuration list for PBXProject "AnimalSearch" */ = {
			isa = XCConfigurationList;
			buildConfigurations = (
				4595BA2B26119AE900EAC14B /* Debug */,
				4595BA2C26119AE900EAC14B /* Release */,
			);
			defaultConfigurationIsVisible = 0;
			defaultConfigurationName = Release;
		};
		4595BA2D26119AE900EAC14B /* Build configuration list for PBXNativeTarget "AnimalSearch" */ = {
			isa = XCConfigurationList;
			buildConfigurations = (
				4595BA2E26119AE900EAC14B /* Debug */,
				4595BA2F26119AE900EAC14B /* Release */,
			);
			defaultConfigurationIsVisible = 0;
			defaultConfigurationName = Release;
		};
/* End XCConfigurationList section */
	};
	rootObject = 4595BA1126119AE800EAC14B /* Project object */;
}
