// !$*UTF8*$!
{
	archiveVersion = 1;
	classes = {
	};
	objectVersion = 51;
	objects = {

/* Begin PBXBuildFile section */
		0BDEAAA04759486D4553841E /* Pods_FacebookMe.framework in Frameworks */ = {isa = PBXBuildFile; fileRef = A3AA3B9FEAFC9ABD4BC31A58 /* Pods_FacebookMe.framework */; };
		45575F98260477AD00F7F6A9 /* AppDelegate.swift in Sources */ = {isa = PBXBuildFile; fileRef = 45575F97260477AD00F7F6A9 /* AppDelegate.swift */; };
		45575F9A260477AD00F7F6A9 /* SceneDelegate.swift in Sources */ = {isa = PBXBuildFile; fileRef = 45575F99260477AD00F7F6A9 /* SceneDelegate.swift */; };
		45575F9E260477B000F7F6A9 /* Assets.xcassets in Resources */ = {isa = PBXBuildFile; fileRef = 45575F9D260477B000F7F6A9 /* Assets.xcassets */; };
		45575FA4260477B000F7F6A9 /* LaunchScreen.storyboard in Resources */ = {isa = PBXBuildFile; fileRef = 45575FA2260477B000F7F6A9 /* LaunchScreen.storyboard */; };
		45575FB926047A2E00F7F6A9 /* HomeVC.swift in Sources */ = {isa = PBXBuildFile; fileRef = 45575FB826047A2E00F7F6A9 /* HomeVC.swift */; };
		45575FC3260481CF00F7F6A9 /* MenuTVCell.swift in Sources */ = {isa = PBXBuildFile; fileRef = 45575FC2260481CF00F7F6A9 /* MenuTVCell.swift */; };
		45575FC82604823200F7F6A9 /* Identify+Enum.swift in Sources */ = {isa = PBXBuildFile; fileRef = 45575FC72604823200F7F6A9 /* Identify+Enum.swift */; };
		45D329F12605008F00369974 /* UIColor+Extension.swift in Sources */ = {isa = PBXBuildFile; fileRef = 45D329F02605008F00369974 /* UIColor+Extension.swift */; };
/* End PBXBuildFile section */

/* Begin PBXFileReference section */
		3C2B538B191936BD3CB44FDD /* Pods-FacebookMe.release.xcconfig */ = {isa = PBXFileReference; includeInIndex = 1; lastKnownFileType = text.xcconfig; name = "Pods-FacebookMe.release.xcconfig"; path = "Target Support Files/Pods-FacebookMe/Pods-FacebookMe.release.xcconfig"; sourceTree = "<group>"; };
		45575F94260477AD00F7F6A9 /* FacebookMe.app */ = {isa = PBXFileReference; explicitFileType = wrapper.application; includeInIndex = 0; path = FacebookMe.app; sourceTree = BUILT_PRODUCTS_DIR; };
		45575F97260477AD00F7F6A9 /* AppDelegate.swift */ = {isa = PBXFileReference; lastKnownFileType = sourcecode.swift; path = AppDelegate.swift; sourceTree = "<group>"; };
		45575F99260477AD00F7F6A9 /* SceneDelegate.swift */ = {isa = PBXFileReference; lastKnownFileType = sourcecode.swift; path = SceneDelegate.swift; sourceTree = "<group>"; };
		45575F9D260477B000F7F6A9 /* Assets.xcassets */ = {isa = PBXFileReference; lastKnownFileType = folder.assetcatalog; path = Assets.xcassets; sourceTree = "<group>"; };
		45575FA3260477B000F7F6A9 /* Base */ = {isa = PBXFileReference; lastKnownFileType = file.storyboard; name = Base; path = Base.lproj/LaunchScreen.storyboard; sourceTree = "<group>"; };
		45575FA5260477B000F7F6A9 /* Info.plist */ = {isa = PBXFileReference; lastKnownFileType = text.plist.xml; path = Info.plist; sourceTree = "<group>"; };
		45575FB826047A2E00F7F6A9 /* HomeVC.swift */ = {isa = PBXFileReference; lastKnownFileType = sourcecode.swift; path = HomeVC.swift; sourceTree = "<group>"; };
		45575FC2260481CF00F7F6A9 /* MenuTVCell.swift */ = {isa = PBXFileReference; lastKnownFileType = sourcecode.swift; path = MenuTVCell.swift; sourceTree = "<group>"; };
		45575FC72604823200F7F6A9 /* Identify+Enum.swift */ = {isa = PBXFileReference; lastKnownFileType = sourcecode.swift; path = "Identify+Enum.swift"; sourceTree = "<group>"; };
		45D329F02605008F00369974 /* UIColor+Extension.swift */ = {isa = PBXFileReference; lastKnownFileType = sourcecode.swift; path = "UIColor+Extension.swift"; sourceTree = "<group>"; };
		A3AA3B9FEAFC9ABD4BC31A58 /* Pods_FacebookMe.framework */ = {isa = PBXFileReference; explicitFileType = wrapper.framework; includeInIndex = 0; path = Pods_FacebookMe.framework; sourceTree = BUILT_PRODUCTS_DIR; };
		B51377AA0F7E70C69A888BA7 /* Pods-FacebookMe.debug.xcconfig */ = {isa = PBXFileReference; includeInIndex = 1; lastKnownFileType = text.xcconfig; name = "Pods-FacebookMe.debug.xcconfig"; path = "Target Support Files/Pods-FacebookMe/Pods-FacebookMe.debug.xcconfig"; sourceTree = "<group>"; };
/* End PBXFileReference section */

/* Begin PBXFrameworksBuildPhase section */
		45575F91260477AD00F7F6A9 /* Frameworks */ = {
			isa = PBXFrameworksBuildPhase;
			buildActionMask = 2147483647;
			files = (
				0BDEAAA04759486D4553841E /* Pods_FacebookMe.framework in Frameworks */,
			);
			runOnlyForDeploymentPostprocessing = 0;
		};
/* End PBXFrameworksBuildPhase section */

/* Begin PBXGroup section */
		45575F8B260477AD00F7F6A9 = {
			isa = PBXGroup;
			children = (
				45575F96260477AD00F7F6A9 /* FacebookMe */,
				45575F95260477AD00F7F6A9 /* Products */,
				D7C18E9B714A2B3CD0022208 /* Pods */,
				74DECA3B2959528C1BA5AA36 /* Frameworks */,
			);
			sourceTree = "<group>";
		};
		45575F95260477AD00F7F6A9 /* Products */ = {
			isa = PBXGroup;
			children = (
				45575F94260477AD00F7F6A9 /* FacebookMe.app */,
			);
			name = Products;
			sourceTree = "<group>";
		};
		45575F96260477AD00F7F6A9 /* FacebookMe */ = {
			isa = PBXGroup;
			children = (
				45D329EF2605007700369974 /* Extensions */,
				45575FCA26048AE700F7F6A9 /* Model */,
				45575FC62604821500F7F6A9 /* Util */,
				45575FC12604819B00F7F6A9 /* View */,
				45575FB726047A1B00F7F6A9 /* Controllers */,
				45575FAF2604796C00F7F6A9 /* Delegate */,
				45575F9D260477B000F7F6A9 /* Assets.xcassets */,
				45575FA2260477B000F7F6A9 /* LaunchScreen.storyboard */,
				45575FA5260477B000F7F6A9 /* Info.plist */,
			);
			path = FacebookMe;
			sourceTree = "<group>";
		};
		45575FAF2604796C00F7F6A9 /* Delegate */ = {
			isa = PBXGroup;
			children = (
				45575F97260477AD00F7F6A9 /* AppDelegate.swift */,
				45575F99260477AD00F7F6A9 /* SceneDelegate.swift */,
			);
			path = Delegate;
			sourceTree = "<group>";
		};
		45575FB726047A1B00F7F6A9 /* Controllers */ = {
			isa = PBXGroup;
			children = (
				45575FB826047A2E00F7F6A9 /* HomeVC.swift */,
			);
			path = Controllers;
			sourceTree = "<group>";
		};
		45575FC12604819B00F7F6A9 /* View */ = {
			isa = PBXGroup;
			children = (
				45575FC2260481CF00F7F6A9 /* MenuTVCell.swift */,
			);
			path = View;
			sourceTree = "<group>";
		};
		45575FC62604821500F7F6A9 /* Util */ = {
			isa = PBXGroup;
			children = (
				45575FC72604823200F7F6A9 /* Identify+Enum.swift */,
			);
			path = Util;
			sourceTree = "<group>";
		};
		45575FCA26048AE700F7F6A9 /* Model */ = {
			isa = PBXGroup;
			children = (
			);
			path = Model;
			sourceTree = "<group>";
		};
		45D329EF2605007700369974 /* Extensions */ = {
			isa = PBXGroup;
			children = (
				45D329F02605008F00369974 /* UIColor+Extension.swift */,
			);
			path = Extensions;
			sourceTree = "<group>";
		};
		74DECA3B2959528C1BA5AA36 /* Frameworks */ = {
			isa = PBXGroup;
			children = (
				A3AA3B9FEAFC9ABD4BC31A58 /* Pods_FacebookMe.framework */,
			);
			name = Frameworks;
			sourceTree = "<group>";
		};
		D7C18E9B714A2B3CD0022208 /* Pods */ = {
			isa = PBXGroup;
			children = (
				B51377AA0F7E70C69A888BA7 /* Pods-FacebookMe.debug.xcconfig */,
				3C2B538B191936BD3CB44FDD /* Pods-FacebookMe.release.xcconfig */,
			);
			path = Pods;
			sourceTree = "<group>";
		};
/* End PBXGroup section */

/* Begin PBXNativeTarget section */
		45575F93260477AD00F7F6A9 /* FacebookMe */ = {
			isa = PBXNativeTarget;
			buildConfigurationList = 45575FA8260477B000F7F6A9 /* Build configuration list for PBXNativeTarget "FacebookMe" */;
			buildPhases = (
				148CE433486FBB352E6E187F /* [CP] Check Pods Manifest.lock */,
				45575F90260477AD00F7F6A9 /* Sources */,
				45575F91260477AD00F7F6A9 /* Frameworks */,
				45575F92260477AD00F7F6A9 /* Resources */,
				185F7294FC9FE4E84FA8179C /* [CP] Embed Pods Frameworks */,
			);
			buildRules = (
			);
			dependencies = (
			);
			name = FacebookMe;
			productName = FacebookMe;
			productReference = 45575F94260477AD00F7F6A9 /* FacebookMe.app */;
			productType = "com.apple.product-type.application";
		};
/* End PBXNativeTarget section */

/* Begin PBXProject section */
		45575F8C260477AD00F7F6A9 /* Project object */ = {
			isa = PBXProject;
			attributes = {
				LastSwiftUpdateCheck = 1240;
				LastUpgradeCheck = 1240;
				TargetAttributes = {
					45575F93260477AD00F7F6A9 = {
						CreatedOnToolsVersion = 12.4;
					};
				};
			};
			buildConfigurationList = 45575F8F260477AD00F7F6A9 /* Build configuration list for PBXProject "FacebookMe" */;
			compatibilityVersion = "Xcode 9.3";
			developmentRegion = en;
			hasScannedForEncodings = 0;
			knownRegions = (
				en,
				Base,
			);
			mainGroup = 45575F8B260477AD00F7F6A9;
			productRefGroup = 45575F95260477AD00F7F6A9 /* Products */;
			projectDirPath = "";
			projectRoot = "";
			targets = (
				45575F93260477AD00F7F6A9 /* FacebookMe */,
			);
		};
/* End PBXProject section */

/* Begin PBXResourcesBuildPhase section */
		45575F92260477AD00F7F6A9 /* Resources */ = {
			isa = PBXResourcesBuildPhase;
			buildActionMask = 2147483647;
			files = (
				45575FA4260477B000F7F6A9 /* LaunchScreen.storyboard in Resources */,
				45575F9E260477B000F7F6A9 /* Assets.xcassets in Resources */,
			);
			runOnlyForDeploymentPostprocessing = 0;
		};
/* End PBXResourcesBuildPhase section */

/* Begin PBXShellScriptBuildPhase section */
		148CE433486FBB352E6E187F /* [CP] Check Pods Manifest.lock */ = {
			isa = PBXShellScriptBuildPhase;
			buildActionMask = 2147483647;
			files = (
			);
			inputFileListPaths = (
			);
			inputPaths = (
				"${PODS_PODFILE_DIR_PATH}/Podfile.lock",
				"${PODS_ROOT}/Manifest.lock",
			);
			name = "[CP] Check Pods Manifest.lock";
			outputFileListPaths = (
			);
			outputPaths = (
				"$(DERIVED_FILE_DIR)/Pods-FacebookMe-checkManifestLockResult.txt",
			);
			runOnlyForDeploymentPostprocessing = 0;
			shellPath = /bin/sh;
			shellScript = "diff \"${PODS_PODFILE_DIR_PATH}/Podfile.lock\" \"${PODS_ROOT}/Manifest.lock\" > /dev/null\nif [ $? != 0 ] ; then\n    # print error to STDERR\n    echo \"error: The sandbox is not in sync with the Podfile.lock. Run 'pod install' or update your CocoaPods installation.\" >&2\n    exit 1\nfi\n# This output is used by Xcode 'outputs' to avoid re-running this script phase.\necho \"SUCCESS\" > \"${SCRIPT_OUTPUT_FILE_0}\"\n";
			showEnvVarsInLog = 0;
		};
		185F7294FC9FE4E84FA8179C /* [CP] Embed Pods Frameworks */ = {
			isa = PBXShellScriptBuildPhase;
			buildActionMask = 2147483647;
			files = (
			);
			inputFileListPaths = (
				"${PODS_ROOT}/Target Support Files/Pods-FacebookMe/Pods-FacebookMe-frameworks-${CONFIGURATION}-input-files.xcfilelist",
			);
			name = "[CP] Embed Pods Frameworks";
			outputFileListPaths = (
				"${PODS_ROOT}/Target Support Files/Pods-FacebookMe/Pods-FacebookMe-frameworks-${CONFIGURATION}-output-files.xcfilelist",
			);
			runOnlyForDeploymentPostprocessing = 0;
			shellPath = /bin/sh;
			shellScript = "\"${PODS_ROOT}/Target Support Files/Pods-FacebookMe/Pods-FacebookMe-frameworks.sh\"\n";
			showEnvVarsInLog = 0;
		};
/* End PBXShellScriptBuildPhase section */

/* Begin PBXSourcesBuildPhase section */
		45575F90260477AD00F7F6A9 /* Sources */ = {
			isa = PBXSourcesBuildPhase;
			buildActionMask = 2147483647;
			files = (
				45575FB926047A2E00F7F6A9 /* HomeVC.swift in Sources */,
				45575FC82604823200F7F6A9 /* Identify+Enum.swift in Sources */,
				45575F98260477AD00F7F6A9 /* AppDelegate.swift in Sources */,
				45D329F12605008F00369974 /* UIColor+Extension.swift in Sources */,
				45575FC3260481CF00F7F6A9 /* MenuTVCell.swift in Sources */,
				45575F9A260477AD00F7F6A9 /* SceneDelegate.swift in Sources */,
			);
			runOnlyForDeploymentPostprocessing = 0;
		};
/* End PBXSourcesBuildPhase section */

/* Begin PBXVariantGroup section */
		45575FA2260477B000F7F6A9 /* LaunchScreen.storyboard */ = {
			isa = PBXVariantGroup;
			children = (
				45575FA3260477B000F7F6A9 /* Base */,
			);
			name = LaunchScreen.storyboard;
			sourceTree = "<group>";
		};
/* End PBXVariantGroup section */

/* Begin XCBuildConfiguration section */
		45575FA6260477B000F7F6A9 /* Debug */ = {
			isa = XCBuildConfiguration;
			buildSettings = {
				ALWAYS_SEARCH_USER_PATHS = NO;
				CLANG_ANALYZER_NONNULL = YES;
				CLANG_ANALYZER_NUMBER_OBJECT_CONVERSION = YES_AGGRESSIVE;
				CLANG_CXX_LANGUAGE_STANDARD = "gnu++14";
				CLANG_CXX_LIBRARY = "libc++";
				CLANG_ENABLE_MODULES = YES;
				CLANG_ENABLE_OBJC_ARC = YES;
				CLANG_ENABLE_OBJC_WEAK = YES;
				CLANG_WARN_BLOCK_CAPTURE_AUTORELEASING = YES;
				CLANG_WARN_BOOL_CONVERSION = YES;
				CLANG_WARN_COMMA = YES;
				CLANG_WARN_CONSTANT_CONVERSION = YES;
				CLANG_WARN_DEPRECATED_OBJC_IMPLEMENTATIONS = YES;
				CLANG_WARN_DIRECT_OBJC_ISA_USAGE = YES_ERROR;
				CLANG_WARN_DOCUMENTATION_COMMENTS = YES;
				CLANG_WARN_EMPTY_BODY = YES;
				CLANG_WARN_ENUM_CONVERSION = YES;
				CLANG_WARN_INFINITE_RECURSION = YES;
				CLANG_WARN_INT_CONVERSION = YES;
				CLANG_WARN_NON_LITERAL_NULL_CONVERSION = YES;
				CLANG_WARN_OBJC_IMPLICIT_RETAIN_SELF = YES;
				CLANG_WARN_OBJC_LITERAL_CONVERSION = YES;
				CLANG_WARN_OBJC_ROOT_CLASS = YES_ERROR;
				CLANG_WARN_QUOTED_INCLUDE_IN_FRAMEWORK_HEADER = YES;
				CLANG_WARN_RANGE_LOOP_ANALYSIS = YES;
				CLANG_WARN_STRICT_PROTOTYPES = YES;
				CLANG_WARN_SUSPICIOUS_MOVE = YES;
				CLANG_WARN_UNGUARDED_AVAILABILITY = YES_AGGRESSIVE;
				CLANG_WARN_UNREACHABLE_CODE = YES;
				CLANG_WARN__DUPLICATE_METHOD_MATCH = YES;
				COPY_PHASE_STRIP = NO;
				DEBUG_INFORMATION_FORMAT = dwarf;
				ENABLE_STRICT_OBJC_MSGSEND = YES;
				ENABLE_TESTABILITY = YES;
				GCC_C_LANGUAGE_STANDARD = gnu11;
				GCC_DYNAMIC_NO_PIC = NO;
				GCC_NO_COMMON_BLOCKS = YES;
				GCC_OPTIMIZATION_LEVEL = 0;
				GCC_PREPROCESSOR_DEFINITIONS = (
					"DEBUG=1",
					"$(inherited)",
				);
				GCC_WARN_64_TO_32_BIT_CONVERSION = YES;
				GCC_WARN_ABOUT_RETURN_TYPE = YES_ERROR;
				GCC_WARN_UNDECLARED_SELECTOR = YES;
				GCC_WARN_UNINITIALIZED_AUTOS = YES_AGGRESSIVE;
				GCC_WARN_UNUSED_FUNCTION = YES;
				GCC_WARN_UNUSED_VARIABLE = YES;
				IPHONEOS_DEPLOYMENT_TARGET = 14.4;
				MTL_ENABLE_DEBUG_INFO = INCLUDE_SOURCE;
				MTL_FAST_MATH = YES;
				ONLY_ACTIVE_ARCH = YES;
				SDKROOT = iphoneos;
				SWIFT_ACTIVE_COMPILATION_CONDITIONS = DEBUG;
				SWIFT_OPTIMIZATION_LEVEL = "-Onone";
			};
			name = Debug;
		};
		45575FA7260477B000F7F6A9 /* Release */ = {
			isa = XCBuildConfiguration;
			buildSettings = {
				ALWAYS_SEARCH_USER_PATHS = NO;
				CLANG_ANALYZER_NONNULL = YES;
				CLANG_ANALYZER_NUMBER_OBJECT_CONVERSION = YES_AGGRESSIVE;
				CLANG_CXX_LANGUAGE_STANDARD = "gnu++14";
				CLANG_CXX_LIBRARY = "libc++";
				CLANG_ENABLE_MODULES = YES;
				CLANG_ENABLE_OBJC_ARC = YES;
				CLANG_ENABLE_OBJC_WEAK = YES;
				CLANG_WARN_BLOCK_CAPTURE_AUTORELEASING = YES;
				CLANG_WARN_BOOL_CONVERSION = YES;
				CLANG_WARN_COMMA = YES;
				CLANG_WARN_CONSTANT_CONVERSION = YES;
				CLANG_WARN_DEPRECATED_OBJC_IMPLEMENTATIONS = YES;
				CLANG_WARN_DIRECT_OBJC_ISA_USAGE = YES_ERROR;
				CLANG_WARN_DOCUMENTATION_COMMENTS = YES;
				CLANG_WARN_EMPTY_BODY = YES;
				CLANG_WARN_ENUM_CONVERSION = YES;
				CLANG_WARN_INFINITE_RECURSION = YES;
				CLANG_WARN_INT_CONVERSION = YES;
				CLANG_WARN_NON_LITERAL_NULL_CONVERSION = YES;
				CLANG_WARN_OBJC_IMPLICIT_RETAIN_SELF = YES;
				CLANG_WARN_OBJC_LITERAL_CONVERSION = YES;
				CLANG_WARN_OBJC_ROOT_CLASS = YES_ERROR;
				CLANG_WARN_QUOTED_INCLUDE_IN_FRAMEWORK_HEADER = YES;
				CLANG_WARN_RANGE_LOOP_ANALYSIS = YES;
				CLANG_WARN_STRICT_PROTOTYPES = YES;
				CLANG_WARN_SUSPICIOUS_MOVE = YES;
				CLANG_WARN_UNGUARDED_AVAILABILITY = YES_AGGRESSIVE;
				CLANG_WARN_UNREACHABLE_CODE = YES;
				CLANG_WARN__DUPLICATE_METHOD_MATCH = YES;
				COPY_PHASE_STRIP = NO;
				DEBUG_INFORMATION_FORMAT = "dwarf-with-dsym";
				ENABLE_NS_ASSERTIONS = NO;
				ENABLE_STRICT_OBJC_MSGSEND = YES;
				GCC_C_LANGUAGE_STANDARD = gnu11;
				GCC_NO_COMMON_BLOCKS = YES;
				GCC_WARN_64_TO_32_BIT_CONVERSION = YES;
				GCC_WARN_ABOUT_RETURN_TYPE = YES_ERROR;
				GCC_WARN_UNDECLARED_SELECTOR = YES;
				GCC_WARN_UNINITIALIZED_AUTOS = YES_AGGRESSIVE;
				GCC_WARN_UNUSED_FUNCTION = YES;
				GCC_WARN_UNUSED_VARIABLE = YES;
				IPHONEOS_DEPLOYMENT_TARGET = 14.4;
				MTL_ENABLE_DEBUG_INFO = NO;
				MTL_FAST_MATH = YES;
				SDKROOT = iphoneos;
				SWIFT_COMPILATION_MODE = wholemodule;
				SWIFT_OPTIMIZATION_LEVEL = "-O";
				VALIDATE_PRODUCT = YES;
			};
			name = Release;
		};
		45575FA9260477B000F7F6A9 /* Debug */ = {
			isa = XCBuildConfiguration;
			baseConfigurationReference = B51377AA0F7E70C69A888BA7 /* Pods-FacebookMe.debug.xcconfig */;
			buildSettings = {
				ASSETCATALOG_COMPILER_APPICON_NAME = AppIcon;
				ASSETCATALOG_COMPILER_GLOBAL_ACCENT_COLOR_NAME = AccentColor;
				CODE_SIGN_STYLE = Automatic;
				DEVELOPMENT_ASSET_PATHS = "";
				ENABLE_PREVIEWS = YES;
				INFOPLIST_FILE = FacebookMe/Info.plist;
				LD_RUNPATH_SEARCH_PATHS = (
					"$(inherited)",
					"@executable_path/Frameworks",
				);
				PRODUCT_BUNDLE_IDENTIFIER = com.eunwoo.FacebookMe;
				PRODUCT_NAME = "$(TARGET_NAME)";
				SWIFT_VERSION = 5.0;
				TARGETED_DEVICE_FAMILY = "1,2";
			};
			name = Debug;
		};
		45575FAA260477B000F7F6A9 /* Release */ = {
			isa = XCBuildConfiguration;
			baseConfigurationReference = 3C2B538B191936BD3CB44FDD /* Pods-FacebookMe.release.xcconfig */;
			buildSettings = {
				ASSETCATALOG_COMPILER_APPICON_NAME = AppIcon;
				ASSETCATALOG_COMPILER_GLOBAL_ACCENT_COLOR_NAME = AccentColor;
				CODE_SIGN_STYLE = Automatic;
				DEVELOPMENT_ASSET_PATHS = "";
				ENABLE_PREVIEWS = YES;
				INFOPLIST_FILE = FacebookMe/Info.plist;
				LD_RUNPATH_SEARCH_PATHS = (
					"$(inherited)",
					"@executable_path/Frameworks",
				);
				PRODUCT_BUNDLE_IDENTIFIER = com.eunwoo.FacebookMe;
				PRODUCT_NAME = "$(TARGET_NAME)";
				SWIFT_VERSION = 5.0;
				TARGETED_DEVICE_FAMILY = "1,2";
			};
			name = Release;
		};
/* End XCBuildConfiguration section */

/* Begin XCConfigurationList section */
		45575F8F260477AD00F7F6A9 /* Build configuration list for PBXProject "FacebookMe" */ = {
			isa = XCConfigurationList;
			buildConfigurations = (
				45575FA6260477B000F7F6A9 /* Debug */,
				45575FA7260477B000F7F6A9 /* Release */,
			);
			defaultConfigurationIsVisible = 0;
			defaultConfigurationName = Release;
		};
		45575FA8260477B000F7F6A9 /* Build configuration list for PBXNativeTarget "FacebookMe" */ = {
			isa = XCConfigurationList;
			buildConfigurations = (
				45575FA9260477B000F7F6A9 /* Debug */,
				45575FAA260477B000F7F6A9 /* Release */,
			);
			defaultConfigurationIsVisible = 0;
			defaultConfigurationName = Release;
		};
/* End XCConfigurationList section */
	};
	rootObject = 45575F8C260477AD00F7F6A9 /* Project object */;
}
