// !$*UTF8*$!
{
	archiveVersion = 1;
	classes = {
	};
	objectVersion = 51;
	objects = {

/* Begin PBXBuildFile section */
		45A21F9A2625C0900092BB10 /* AppDelegate.swift in Sources */ = {isa = PBXBuildFile; fileRef = 45A21F992625C0900092BB10 /* AppDelegate.swift */; };
		45A21F9C2625C0900092BB10 /* SceneDelegate.swift in Sources */ = {isa = PBXBuildFile; fileRef = 45A21F9B2625C0900092BB10 /* SceneDelegate.swift */; };
		45A21FA02625C0910092BB10 /* Assets.xcassets in Resources */ = {isa = PBXBuildFile; fileRef = 45A21F9F2625C0910092BB10 /* Assets.xcassets */; };
		45A21FA62625C0910092BB10 /* LaunchScreen.storyboard in Resources */ = {isa = PBXBuildFile; fileRef = 45A21FA42625C0910092BB10 /* LaunchScreen.storyboard */; };
		45A21FBB2625C18B0092BB10 /* HomeVC.swift in Sources */ = {isa = PBXBuildFile; fileRef = 45A21FBA2625C18B0092BB10 /* HomeVC.swift */; };
		45A21FBF2625C3EB0092BB10 /* PokemonCVCell.swift in Sources */ = {isa = PBXBuildFile; fileRef = 45A21FBE2625C3EB0092BB10 /* PokemonCVCell.swift */; };
		45A21FC22625C6660092BB10 /* 이상해씨.png in Resources */ = {isa = PBXBuildFile; fileRef = 45A21FC12625C6660092BB10 /* 이상해씨.png */; };
		45C12A272629C85C00ECD52F /* 삐삐.png in Resources */ = {isa = PBXBuildFile; fileRef = 45C12A142629C85700ECD52F /* 삐삐.png */; };
		45C12A282629C85C00ECD52F /* 모래두지.png in Resources */ = {isa = PBXBuildFile; fileRef = 45C12A152629C85700ECD52F /* 모래두지.png */; };
		45C12A292629C85C00ECD52F /* 버터플.png in Resources */ = {isa = PBXBuildFile; fileRef = 45C12A162629C85800ECD52F /* 버터플.png */; };
		45C12A2A2629C85C00ECD52F /* 라플레시아.png in Resources */ = {isa = PBXBuildFile; fileRef = 45C12A172629C85800ECD52F /* 라플레시아.png */; };
		45C12A2B2629C85C00ECD52F /* 뚜벅쵸.png in Resources */ = {isa = PBXBuildFile; fileRef = 45C12A182629C85800ECD52F /* 뚜벅쵸.png */; };
		45C12A2C2629C85C00ECD52F /* 피죤.png in Resources */ = {isa = PBXBuildFile; fileRef = 45C12A192629C85800ECD52F /* 피죤.png */; };
		45C12A2D2629C85C00ECD52F /* 독침붕.png in Resources */ = {isa = PBXBuildFile; fileRef = 45C12A1A2629C85900ECD52F /* 독침붕.png */; };
		45C12A2E2629C85C00ECD52F /* 나옹.png in Resources */ = {isa = PBXBuildFile; fileRef = 45C12A1B2629C85900ECD52F /* 나옹.png */; };
		45C12A2F2629C85C00ECD52F /* 파라스.png in Resources */ = {isa = PBXBuildFile; fileRef = 45C12A1C2629C85900ECD52F /* 파라스.png */; };
		45C12A302629C85C00ECD52F /* 파이리.png in Resources */ = {isa = PBXBuildFile; fileRef = 45C12A1D2629C85A00ECD52F /* 파이리.png */; };
		45C12A312629C85C00ECD52F /* 픽시.png in Resources */ = {isa = PBXBuildFile; fileRef = 45C12A1E2629C85A00ECD52F /* 픽시.png */; };
		45C12A322629C85C00ECD52F /* 디그다.png in Resources */ = {isa = PBXBuildFile; fileRef = 45C12A1F2629C85A00ECD52F /* 디그다.png */; };
		45C12A332629C85C00ECD52F /* 닥트리오.png in Resources */ = {isa = PBXBuildFile; fileRef = 45C12A202629C85A00ECD52F /* 닥트리오.png */; };
		45C12A342629C85C00ECD52F /* 꼬렛.png in Resources */ = {isa = PBXBuildFile; fileRef = 45C12A212629C85B00ECD52F /* 꼬렛.png */; };
		45C12A352629C85C00ECD52F /* 꼬부기.png in Resources */ = {isa = PBXBuildFile; fileRef = 45C12A222629C85B00ECD52F /* 꼬부기.png */; };
		45C12A362629C85C00ECD52F /* 식스테일.png in Resources */ = {isa = PBXBuildFile; fileRef = 45C12A232629C85B00ECD52F /* 식스테일.png */; };
		45C12A372629C85C00ECD52F /* 푸린.png in Resources */ = {isa = PBXBuildFile; fileRef = 45C12A242629C85B00ECD52F /* 푸린.png */; };
		45C12A382629C85C00ECD52F /* 피카츄.png in Resources */ = {isa = PBXBuildFile; fileRef = 45C12A252629C85C00ECD52F /* 피카츄.png */; };
		45C12A392629C85C00ECD52F /* 고라파덕.png in Resources */ = {isa = PBXBuildFile; fileRef = 45C12A262629C85C00ECD52F /* 고라파덕.png */; };
		45C12A3D2629C8B700ECD52F /* Monster.swift in Sources */ = {isa = PBXBuildFile; fileRef = 45C12A3C2629C8B700ECD52F /* Monster.swift */; };
		82CA3B282305358593CFA64A /* Pods_PokemonGo.framework in Frameworks */ = {isa = PBXBuildFile; fileRef = A512B18002F9568E36B97E30 /* Pods_PokemonGo.framework */; };
/* End PBXBuildFile section */

/* Begin PBXFileReference section */
		45A21F962625C0900092BB10 /* PokemonGo.app */ = {isa = PBXFileReference; explicitFileType = wrapper.application; includeInIndex = 0; path = PokemonGo.app; sourceTree = BUILT_PRODUCTS_DIR; };
		45A21F992625C0900092BB10 /* AppDelegate.swift */ = {isa = PBXFileReference; lastKnownFileType = sourcecode.swift; path = AppDelegate.swift; sourceTree = "<group>"; };
		45A21F9B2625C0900092BB10 /* SceneDelegate.swift */ = {isa = PBXFileReference; lastKnownFileType = sourcecode.swift; path = SceneDelegate.swift; sourceTree = "<group>"; };
		45A21F9F2625C0910092BB10 /* Assets.xcassets */ = {isa = PBXFileReference; lastKnownFileType = folder.assetcatalog; path = Assets.xcassets; sourceTree = "<group>"; };
		45A21FA52625C0910092BB10 /* Base */ = {isa = PBXFileReference; lastKnownFileType = file.storyboard; name = Base; path = Base.lproj/LaunchScreen.storyboard; sourceTree = "<group>"; };
		45A21FA72625C0910092BB10 /* Info.plist */ = {isa = PBXFileReference; lastKnownFileType = text.plist.xml; path = Info.plist; sourceTree = "<group>"; };
		45A21FBA2625C18B0092BB10 /* HomeVC.swift */ = {isa = PBXFileReference; lastKnownFileType = sourcecode.swift; path = HomeVC.swift; sourceTree = "<group>"; };
		45A21FBE2625C3EB0092BB10 /* PokemonCVCell.swift */ = {isa = PBXFileReference; lastKnownFileType = sourcecode.swift; path = PokemonCVCell.swift; sourceTree = "<group>"; };
		45A21FC12625C6660092BB10 /* 이상해씨.png */ = {isa = PBXFileReference; lastKnownFileType = image.png; path = "이상해씨.png"; sourceTree = "<group>"; };
		45C12A142629C85700ECD52F /* 삐삐.png */ = {isa = PBXFileReference; lastKnownFileType = image.png; path = "삐삐.png"; sourceTree = "<group>"; };
		45C12A152629C85700ECD52F /* 모래두지.png */ = {isa = PBXFileReference; lastKnownFileType = image.png; path = "모래두지.png"; sourceTree = "<group>"; };
		45C12A162629C85800ECD52F /* 버터플.png */ = {isa = PBXFileReference; lastKnownFileType = image.png; path = "버터플.png"; sourceTree = "<group>"; };
		45C12A172629C85800ECD52F /* 라플레시아.png */ = {isa = PBXFileReference; lastKnownFileType = image.png; path = "라플레시아.png"; sourceTree = "<group>"; };
		45C12A182629C85800ECD52F /* 뚜벅쵸.png */ = {isa = PBXFileReference; lastKnownFileType = image.png; path = "뚜벅쵸.png"; sourceTree = "<group>"; };
		45C12A192629C85800ECD52F /* 피죤.png */ = {isa = PBXFileReference; lastKnownFileType = image.png; path = "피죤.png"; sourceTree = "<group>"; };
		45C12A1A2629C85900ECD52F /* 독침붕.png */ = {isa = PBXFileReference; lastKnownFileType = image.png; path = "독침붕.png"; sourceTree = "<group>"; };
		45C12A1B2629C85900ECD52F /* 나옹.png */ = {isa = PBXFileReference; lastKnownFileType = image.png; path = "나옹.png"; sourceTree = "<group>"; };
		45C12A1C2629C85900ECD52F /* 파라스.png */ = {isa = PBXFileReference; lastKnownFileType = image.png; path = "파라스.png"; sourceTree = "<group>"; };
		45C12A1D2629C85A00ECD52F /* 파이리.png */ = {isa = PBXFileReference; lastKnownFileType = image.png; path = "파이리.png"; sourceTree = "<group>"; };
		45C12A1E2629C85A00ECD52F /* 픽시.png */ = {isa = PBXFileReference; lastKnownFileType = image.png; path = "픽시.png"; sourceTree = "<group>"; };
		45C12A1F2629C85A00ECD52F /* 디그다.png */ = {isa = PBXFileReference; lastKnownFileType = image.png; path = "디그다.png"; sourceTree = "<group>"; };
		45C12A202629C85A00ECD52F /* 닥트리오.png */ = {isa = PBXFileReference; lastKnownFileType = image.png; path = "닥트리오.png"; sourceTree = "<group>"; };
		45C12A212629C85B00ECD52F /* 꼬렛.png */ = {isa = PBXFileReference; lastKnownFileType = image.png; path = "꼬렛.png"; sourceTree = "<group>"; };
		45C12A222629C85B00ECD52F /* 꼬부기.png */ = {isa = PBXFileReference; lastKnownFileType = image.png; path = "꼬부기.png"; sourceTree = "<group>"; };
		45C12A232629C85B00ECD52F /* 식스테일.png */ = {isa = PBXFileReference; lastKnownFileType = image.png; path = "식스테일.png"; sourceTree = "<group>"; };
		45C12A242629C85B00ECD52F /* 푸린.png */ = {isa = PBXFileReference; lastKnownFileType = image.png; path = "푸린.png"; sourceTree = "<group>"; };
		45C12A252629C85C00ECD52F /* 피카츄.png */ = {isa = PBXFileReference; lastKnownFileType = image.png; path = "피카츄.png"; sourceTree = "<group>"; };
		45C12A262629C85C00ECD52F /* 고라파덕.png */ = {isa = PBXFileReference; lastKnownFileType = image.png; path = "고라파덕.png"; sourceTree = "<group>"; };
		45C12A3C2629C8B700ECD52F /* Monster.swift */ = {isa = PBXFileReference; lastKnownFileType = sourcecode.swift; path = Monster.swift; sourceTree = "<group>"; };
		A512B18002F9568E36B97E30 /* Pods_PokemonGo.framework */ = {isa = PBXFileReference; explicitFileType = wrapper.framework; includeInIndex = 0; path = Pods_PokemonGo.framework; sourceTree = BUILT_PRODUCTS_DIR; };
		ECBFCE35175B487AFA423A30 /* Pods-PokemonGo.release.xcconfig */ = {isa = PBXFileReference; includeInIndex = 1; lastKnownFileType = text.xcconfig; name = "Pods-PokemonGo.release.xcconfig"; path = "Target Support Files/Pods-PokemonGo/Pods-PokemonGo.release.xcconfig"; sourceTree = "<group>"; };
		FB6DA0BEF5E3620976CB41AF /* Pods-PokemonGo.debug.xcconfig */ = {isa = PBXFileReference; includeInIndex = 1; lastKnownFileType = text.xcconfig; name = "Pods-PokemonGo.debug.xcconfig"; path = "Target Support Files/Pods-PokemonGo/Pods-PokemonGo.debug.xcconfig"; sourceTree = "<group>"; };
/* End PBXFileReference section */

/* Begin PBXFrameworksBuildPhase section */
		45A21F932625C0900092BB10 /* Frameworks */ = {
			isa = PBXFrameworksBuildPhase;
			buildActionMask = 2147483647;
			files = (
				82CA3B282305358593CFA64A /* Pods_PokemonGo.framework in Frameworks */,
			);
			runOnlyForDeploymentPostprocessing = 0;
		};
/* End PBXFrameworksBuildPhase section */

/* Begin PBXGroup section */
		133EA668B338D88D79713CC4 /* Pods */ = {
			isa = PBXGroup;
			children = (
				FB6DA0BEF5E3620976CB41AF /* Pods-PokemonGo.debug.xcconfig */,
				ECBFCE35175B487AFA423A30 /* Pods-PokemonGo.release.xcconfig */,
			);
			path = Pods;
			sourceTree = "<group>";
		};
		45A21F8D2625C0900092BB10 = {
			isa = PBXGroup;
			children = (
				45A21F982625C0900092BB10 /* PokemonGo */,
				45A21F972625C0900092BB10 /* Products */,
				133EA668B338D88D79713CC4 /* Pods */,
				B058CE6BA8269BEC975AAC7F /* Frameworks */,
			);
			sourceTree = "<group>";
		};
		45A21F972625C0900092BB10 /* Products */ = {
			isa = PBXGroup;
			children = (
				45A21F962625C0900092BB10 /* PokemonGo.app */,
			);
			name = Products;
			sourceTree = "<group>";
		};
		45A21F982625C0900092BB10 /* PokemonGo */ = {
			isa = PBXGroup;
			children = (
				45C12A3B2629C8A200ECD52F /* Models */,
				45A21FB72625C1640092BB10 /* Images */,
				45A21FB62625C1570092BB10 /* Views */,
				45A21FB52625C1490092BB10 /* Controllers */,
				45A21FB42625C13B0092BB10 /* Supporting Files */,
				45A21FB32625C12C0092BB10 /* Resources */,
				45A21FB22625C1210092BB10 /* Delegate */,
				45A21FA42625C0910092BB10 /* LaunchScreen.storyboard */,
			);
			path = PokemonGo;
			sourceTree = "<group>";
		};
		45A21FB22625C1210092BB10 /* Delegate */ = {
			isa = PBXGroup;
			children = (
				45A21F992625C0900092BB10 /* AppDelegate.swift */,
				45A21F9B2625C0900092BB10 /* SceneDelegate.swift */,
			);
			path = Delegate;
			sourceTree = "<group>";
		};
		45A21FB32625C12C0092BB10 /* Resources */ = {
			isa = PBXGroup;
			children = (
				45A21F9F2625C0910092BB10 /* Assets.xcassets */,
			);
			path = Resources;
			sourceTree = "<group>";
		};
		45A21FB42625C13B0092BB10 /* Supporting Files */ = {
			isa = PBXGroup;
			children = (
				45A21FA72625C0910092BB10 /* Info.plist */,
			);
			path = "Supporting Files";
			sourceTree = "<group>";
		};
		45A21FB52625C1490092BB10 /* Controllers */ = {
			isa = PBXGroup;
			children = (
				45A21FBA2625C18B0092BB10 /* HomeVC.swift */,
			);
			path = Controllers;
			sourceTree = "<group>";
		};
		45A21FB62625C1570092BB10 /* Views */ = {
			isa = PBXGroup;
			children = (
				45A21FBE2625C3EB0092BB10 /* PokemonCVCell.swift */,
			);
			path = Views;
			sourceTree = "<group>";
		};
		45A21FB72625C1640092BB10 /* Images */ = {
			isa = PBXGroup;
			children = (
				45A21FC12625C6660092BB10 /* 이상해씨.png */,
				45C12A262629C85C00ECD52F /* 고라파덕.png */,
				45C12A212629C85B00ECD52F /* 꼬렛.png */,
				45C12A222629C85B00ECD52F /* 꼬부기.png */,
				45C12A1B2629C85900ECD52F /* 나옹.png */,
				45C12A202629C85A00ECD52F /* 닥트리오.png */,
				45C12A1A2629C85900ECD52F /* 독침붕.png */,
				45C12A1F2629C85A00ECD52F /* 디그다.png */,
				45C12A182629C85800ECD52F /* 뚜벅쵸.png */,
				45C12A172629C85800ECD52F /* 라플레시아.png */,
				45C12A152629C85700ECD52F /* 모래두지.png */,
				45C12A162629C85800ECD52F /* 버터플.png */,
				45C12A142629C85700ECD52F /* 삐삐.png */,
				45C12A232629C85B00ECD52F /* 식스테일.png */,
				45C12A1C2629C85900ECD52F /* 파라스.png */,
				45C12A1D2629C85A00ECD52F /* 파이리.png */,
				45C12A242629C85B00ECD52F /* 푸린.png */,
				45C12A192629C85800ECD52F /* 피죤.png */,
				45C12A252629C85C00ECD52F /* 피카츄.png */,
				45C12A1E2629C85A00ECD52F /* 픽시.png */,
			);
			path = Images;
			sourceTree = "<group>";
		};
		45C12A3B2629C8A200ECD52F /* Models */ = {
			isa = PBXGroup;
			children = (
				45C12A3C2629C8B700ECD52F /* Monster.swift */,
			);
			path = Models;
			sourceTree = "<group>";
		};
		B058CE6BA8269BEC975AAC7F /* Frameworks */ = {
			isa = PBXGroup;
			children = (
				A512B18002F9568E36B97E30 /* Pods_PokemonGo.framework */,
			);
			name = Frameworks;
			sourceTree = "<group>";
		};
/* End PBXGroup section */

/* Begin PBXNativeTarget section */
		45A21F952625C0900092BB10 /* PokemonGo */ = {
			isa = PBXNativeTarget;
			buildConfigurationList = 45A21FAA2625C0910092BB10 /* Build configuration list for PBXNativeTarget "PokemonGo" */;
			buildPhases = (
				25B7A71C1B1DE590E69DD985 /* [CP] Check Pods Manifest.lock */,
				45A21F922625C0900092BB10 /* Sources */,
				45A21F932625C0900092BB10 /* Frameworks */,
				45A21F942625C0900092BB10 /* Resources */,
				DDDBC55F27095CDCB6C62230 /* [CP] Embed Pods Frameworks */,
			);
			buildRules = (
			);
			dependencies = (
			);
			name = PokemonGo;
			productName = PokemonGo;
			productReference = 45A21F962625C0900092BB10 /* PokemonGo.app */;
			productType = "com.apple.product-type.application";
		};
/* End PBXNativeTarget section */

/* Begin PBXProject section */
		45A21F8E2625C0900092BB10 /* Project object */ = {
			isa = PBXProject;
			attributes = {
				LastSwiftUpdateCheck = 1240;
				LastUpgradeCheck = 1240;
				TargetAttributes = {
					45A21F952625C0900092BB10 = {
						CreatedOnToolsVersion = 12.4;
					};
				};
			};
			buildConfigurationList = 45A21F912625C0900092BB10 /* Build configuration list for PBXProject "PokemonGo" */;
			compatibilityVersion = "Xcode 9.3";
			developmentRegion = en;
			hasScannedForEncodings = 0;
			knownRegions = (
				en,
				Base,
			);
			mainGroup = 45A21F8D2625C0900092BB10;
			productRefGroup = 45A21F972625C0900092BB10 /* Products */;
			projectDirPath = "";
			projectRoot = "";
			targets = (
				45A21F952625C0900092BB10 /* PokemonGo */,
			);
		};
/* End PBXProject section */

/* Begin PBXResourcesBuildPhase section */
		45A21F942625C0900092BB10 /* Resources */ = {
			isa = PBXResourcesBuildPhase;
			buildActionMask = 2147483647;
			files = (
				45C12A372629C85C00ECD52F /* 푸린.png in Resources */,
				45C12A322629C85C00ECD52F /* 디그다.png in Resources */,
				45C12A352629C85C00ECD52F /* 꼬부기.png in Resources */,
				45C12A292629C85C00ECD52F /* 버터플.png in Resources */,
				45C12A302629C85C00ECD52F /* 파이리.png in Resources */,
				45C12A392629C85C00ECD52F /* 고라파덕.png in Resources */,
				45C12A312629C85C00ECD52F /* 픽시.png in Resources */,
				45C12A342629C85C00ECD52F /* 꼬렛.png in Resources */,
				45A21FA62625C0910092BB10 /* LaunchScreen.storyboard in Resources */,
				45C12A2A2629C85C00ECD52F /* 라플레시아.png in Resources */,
				45C12A272629C85C00ECD52F /* 삐삐.png in Resources */,
				45A21FA02625C0910092BB10 /* Assets.xcassets in Resources */,
				45C12A2F2629C85C00ECD52F /* 파라스.png in Resources */,
				45C12A282629C85C00ECD52F /* 모래두지.png in Resources */,
				45A21FC22625C6660092BB10 /* 이상해씨.png in Resources */,
				45C12A2D2629C85C00ECD52F /* 독침붕.png in Resources */,
				45C12A2E2629C85C00ECD52F /* 나옹.png in Resources */,
				45C12A332629C85C00ECD52F /* 닥트리오.png in Resources */,
				45C12A2C2629C85C00ECD52F /* 피죤.png in Resources */,
				45C12A362629C85C00ECD52F /* 식스테일.png in Resources */,
				45C12A382629C85C00ECD52F /* 피카츄.png in Resources */,
				45C12A2B2629C85C00ECD52F /* 뚜벅쵸.png in Resources */,
			);
			runOnlyForDeploymentPostprocessing = 0;
		};
/* End PBXResourcesBuildPhase section */

/* Begin PBXShellScriptBuildPhase section */
		25B7A71C1B1DE590E69DD985 /* [CP] Check Pods Manifest.lock */ = {
			isa = PBXShellScriptBuildPhase;
			buildActionMask = 2147483647;
			files = (
			);
			inputFileListPaths = (
			);
			inputPaths = (
				"${PODS_PODFILE_DIR_PATH}/Podfile.lock",
				"${PODS_ROOT}/Manifest.lock",
			);
			name = "[CP] Check Pods Manifest.lock";
			outputFileListPaths = (
			);
			outputPaths = (
				"$(DERIVED_FILE_DIR)/Pods-PokemonGo-checkManifestLockResult.txt",
			);
			runOnlyForDeploymentPostprocessing = 0;
			shellPath = /bin/sh;
			shellScript = "diff \"${PODS_PODFILE_DIR_PATH}/Podfile.lock\" \"${PODS_ROOT}/Manifest.lock\" > /dev/null\nif [ $? != 0 ] ; then\n    # print error to STDERR\n    echo \"error: The sandbox is not in sync with the Podfile.lock. Run 'pod install' or update your CocoaPods installation.\" >&2\n    exit 1\nfi\n# This output is used by Xcode 'outputs' to avoid re-running this script phase.\necho \"SUCCESS\" > \"${SCRIPT_OUTPUT_FILE_0}\"\n";
			showEnvVarsInLog = 0;
		};
		DDDBC55F27095CDCB6C62230 /* [CP] Embed Pods Frameworks */ = {
			isa = PBXShellScriptBuildPhase;
			buildActionMask = 2147483647;
			files = (
			);
			inputFileListPaths = (
				"${PODS_ROOT}/Target Support Files/Pods-PokemonGo/Pods-PokemonGo-frameworks-${CONFIGURATION}-input-files.xcfilelist",
			);
			name = "[CP] Embed Pods Frameworks";
			outputFileListPaths = (
				"${PODS_ROOT}/Target Support Files/Pods-PokemonGo/Pods-PokemonGo-frameworks-${CONFIGURATION}-output-files.xcfilelist",
			);
			runOnlyForDeploymentPostprocessing = 0;
			shellPath = /bin/sh;
			shellScript = "\"${PODS_ROOT}/Target Support Files/Pods-PokemonGo/Pods-PokemonGo-frameworks.sh\"\n";
			showEnvVarsInLog = 0;
		};
/* End PBXShellScriptBuildPhase section */

/* Begin PBXSourcesBuildPhase section */
		45A21F922625C0900092BB10 /* Sources */ = {
			isa = PBXSourcesBuildPhase;
			buildActionMask = 2147483647;
			files = (
				45C12A3D2629C8B700ECD52F /* Monster.swift in Sources */,
				45A21FBF2625C3EB0092BB10 /* PokemonCVCell.swift in Sources */,
				45A21FBB2625C18B0092BB10 /* HomeVC.swift in Sources */,
				45A21F9A2625C0900092BB10 /* AppDelegate.swift in Sources */,
				45A21F9C2625C0900092BB10 /* SceneDelegate.swift in Sources */,
			);
			runOnlyForDeploymentPostprocessing = 0;
		};
/* End PBXSourcesBuildPhase section */

/* Begin PBXVariantGroup section */
		45A21FA42625C0910092BB10 /* LaunchScreen.storyboard */ = {
			isa = PBXVariantGroup;
			children = (
				45A21FA52625C0910092BB10 /* Base */,
			);
			name = LaunchScreen.storyboard;
			sourceTree = "<group>";
		};
/* End PBXVariantGroup section */

/* Begin XCBuildConfiguration section */
		45A21FA82625C0910092BB10 /* Debug */ = {
			isa = XCBuildConfiguration;
			buildSettings = {
				ALWAYS_SEARCH_USER_PATHS = NO;
				CLANG_ANALYZER_NONNULL = YES;
				CLANG_ANALYZER_NUMBER_OBJECT_CONVERSION = YES_AGGRESSIVE;
				CLANG_CXX_LANGUAGE_STANDARD = "gnu++14";
				CLANG_CXX_LIBRARY = "libc++";
				CLANG_ENABLE_MODULES = YES;
				CLANG_ENABLE_OBJC_ARC = YES;
				CLANG_ENABLE_OBJC_WEAK = YES;
				CLANG_WARN_BLOCK_CAPTURE_AUTORELEASING = YES;
				CLANG_WARN_BOOL_CONVERSION = YES;
				CLANG_WARN_COMMA = YES;
				CLANG_WARN_CONSTANT_CONVERSION = YES;
				CLANG_WARN_DEPRECATED_OBJC_IMPLEMENTATIONS = YES;
				CLANG_WARN_DIRECT_OBJC_ISA_USAGE = YES_ERROR;
				CLANG_WARN_DOCUMENTATION_COMMENTS = YES;
				CLANG_WARN_EMPTY_BODY = YES;
				CLANG_WARN_ENUM_CONVERSION = YES;
				CLANG_WARN_INFINITE_RECURSION = YES;
				CLANG_WARN_INT_CONVERSION = YES;
				CLANG_WARN_NON_LITERAL_NULL_CONVERSION = YES;
				CLANG_WARN_OBJC_IMPLICIT_RETAIN_SELF = YES;
				CLANG_WARN_OBJC_LITERAL_CONVERSION = YES;
				CLANG_WARN_OBJC_ROOT_CLASS = YES_ERROR;
				CLANG_WARN_QUOTED_INCLUDE_IN_FRAMEWORK_HEADER = YES;
				CLANG_WARN_RANGE_LOOP_ANALYSIS = YES;
				CLANG_WARN_STRICT_PROTOTYPES = YES;
				CLANG_WARN_SUSPICIOUS_MOVE = YES;
				CLANG_WARN_UNGUARDED_AVAILABILITY = YES_AGGRESSIVE;
				CLANG_WARN_UNREACHABLE_CODE = YES;
				CLANG_WARN__DUPLICATE_METHOD_MATCH = YES;
				COPY_PHASE_STRIP = NO;
				DEBUG_INFORMATION_FORMAT = dwarf;
				ENABLE_STRICT_OBJC_MSGSEND = YES;
				ENABLE_TESTABILITY = YES;
				GCC_C_LANGUAGE_STANDARD = gnu11;
				GCC_DYNAMIC_NO_PIC = NO;
				GCC_NO_COMMON_BLOCKS = YES;
				GCC_OPTIMIZATION_LEVEL = 0;
				GCC_PREPROCESSOR_DEFINITIONS = (
					"DEBUG=1",
					"$(inherited)",
				);
				GCC_WARN_64_TO_32_BIT_CONVERSION = YES;
				GCC_WARN_ABOUT_RETURN_TYPE = YES_ERROR;
				GCC_WARN_UNDECLARED_SELECTOR = YES;
				GCC_WARN_UNINITIALIZED_AUTOS = YES_AGGRESSIVE;
				GCC_WARN_UNUSED_FUNCTION = YES;
				GCC_WARN_UNUSED_VARIABLE = YES;
				IPHONEOS_DEPLOYMENT_TARGET = 14.4;
				MTL_ENABLE_DEBUG_INFO = INCLUDE_SOURCE;
				MTL_FAST_MATH = YES;
				ONLY_ACTIVE_ARCH = YES;
				SDKROOT = iphoneos;
				SWIFT_ACTIVE_COMPILATION_CONDITIONS = DEBUG;
				SWIFT_OPTIMIZATION_LEVEL = "-Onone";
			};
			name = Debug;
		};
		45A21FA92625C0910092BB10 /* Release */ = {
			isa = XCBuildConfiguration;
			buildSettings = {
				ALWAYS_SEARCH_USER_PATHS = NO;
				CLANG_ANALYZER_NONNULL = YES;
				CLANG_ANALYZER_NUMBER_OBJECT_CONVERSION = YES_AGGRESSIVE;
				CLANG_CXX_LANGUAGE_STANDARD = "gnu++14";
				CLANG_CXX_LIBRARY = "libc++";
				CLANG_ENABLE_MODULES = YES;
				CLANG_ENABLE_OBJC_ARC = YES;
				CLANG_ENABLE_OBJC_WEAK = YES;
				CLANG_WARN_BLOCK_CAPTURE_AUTORELEASING = YES;
				CLANG_WARN_BOOL_CONVERSION = YES;
				CLANG_WARN_COMMA = YES;
				CLANG_WARN_CONSTANT_CONVERSION = YES;
				CLANG_WARN_DEPRECATED_OBJC_IMPLEMENTATIONS = YES;
				CLANG_WARN_DIRECT_OBJC_ISA_USAGE = YES_ERROR;
				CLANG_WARN_DOCUMENTATION_COMMENTS = YES;
				CLANG_WARN_EMPTY_BODY = YES;
				CLANG_WARN_ENUM_CONVERSION = YES;
				CLANG_WARN_INFINITE_RECURSION = YES;
				CLANG_WARN_INT_CONVERSION = YES;
				CLANG_WARN_NON_LITERAL_NULL_CONVERSION = YES;
				CLANG_WARN_OBJC_IMPLICIT_RETAIN_SELF = YES;
				CLANG_WARN_OBJC_LITERAL_CONVERSION = YES;
				CLANG_WARN_OBJC_ROOT_CLASS = YES_ERROR;
				CLANG_WARN_QUOTED_INCLUDE_IN_FRAMEWORK_HEADER = YES;
				CLANG_WARN_RANGE_LOOP_ANALYSIS = YES;
				CLANG_WARN_STRICT_PROTOTYPES = YES;
				CLANG_WARN_SUSPICIOUS_MOVE = YES;
				CLANG_WARN_UNGUARDED_AVAILABILITY = YES_AGGRESSIVE;
				CLANG_WARN_UNREACHABLE_CODE = YES;
				CLANG_WARN__DUPLICATE_METHOD_MATCH = YES;
				COPY_PHASE_STRIP = NO;
				DEBUG_INFORMATION_FORMAT = "dwarf-with-dsym";
				ENABLE_NS_ASSERTIONS = NO;
				ENABLE_STRICT_OBJC_MSGSEND = YES;
				GCC_C_LANGUAGE_STANDARD = gnu11;
				GCC_NO_COMMON_BLOCKS = YES;
				GCC_WARN_64_TO_32_BIT_CONVERSION = YES;
				GCC_WARN_ABOUT_RETURN_TYPE = YES_ERROR;
				GCC_WARN_UNDECLARED_SELECTOR = YES;
				GCC_WARN_UNINITIALIZED_AUTOS = YES_AGGRESSIVE;
				GCC_WARN_UNUSED_FUNCTION = YES;
				GCC_WARN_UNUSED_VARIABLE = YES;
				IPHONEOS_DEPLOYMENT_TARGET = 14.4;
				MTL_ENABLE_DEBUG_INFO = NO;
				MTL_FAST_MATH = YES;
				SDKROOT = iphoneos;
				SWIFT_COMPILATION_MODE = wholemodule;
				SWIFT_OPTIMIZATION_LEVEL = "-O";
				VALIDATE_PRODUCT = YES;
			};
			name = Release;
		};
		45A21FAB2625C0910092BB10 /* Debug */ = {
			isa = XCBuildConfiguration;
			baseConfigurationReference = FB6DA0BEF5E3620976CB41AF /* Pods-PokemonGo.debug.xcconfig */;
			buildSettings = {
				ASSETCATALOG_COMPILER_APPICON_NAME = AppIcon;
				ASSETCATALOG_COMPILER_GLOBAL_ACCENT_COLOR_NAME = AccentColor;
				CODE_SIGN_STYLE = Automatic;
				DEVELOPMENT_ASSET_PATHS = "";
				ENABLE_PREVIEWS = YES;
				INFOPLIST_FILE = "PokemonGo/Supporting Files/Info.plist";
				LD_RUNPATH_SEARCH_PATHS = (
					"$(inherited)",
					"@executable_path/Frameworks",
				);
				PRODUCT_BUNDLE_IDENTIFIER = com.eunwoo.PokemonGo;
				PRODUCT_NAME = "$(TARGET_NAME)";
				SWIFT_VERSION = 5.0;
				TARGETED_DEVICE_FAMILY = "1,2";
			};
			name = Debug;
		};
		45A21FAC2625C0910092BB10 /* Release */ = {
			isa = XCBuildConfiguration;
			baseConfigurationReference = ECBFCE35175B487AFA423A30 /* Pods-PokemonGo.release.xcconfig */;
			buildSettings = {
				ASSETCATALOG_COMPILER_APPICON_NAME = AppIcon;
				ASSETCATALOG_COMPILER_GLOBAL_ACCENT_COLOR_NAME = AccentColor;
				CODE_SIGN_STYLE = Automatic;
				DEVELOPMENT_ASSET_PATHS = "";
				ENABLE_PREVIEWS = YES;
				INFOPLIST_FILE = "PokemonGo/Supporting Files/Info.plist";
				LD_RUNPATH_SEARCH_PATHS = (
					"$(inherited)",
					"@executable_path/Frameworks",
				);
				PRODUCT_BUNDLE_IDENTIFIER = com.eunwoo.PokemonGo;
				PRODUCT_NAME = "$(TARGET_NAME)";
				SWIFT_VERSION = 5.0;
				TARGETED_DEVICE_FAMILY = "1,2";
			};
			name = Release;
		};
/* End XCBuildConfiguration section */

/* Begin XCConfigurationList section */
		45A21F912625C0900092BB10 /* Build configuration list for PBXProject "PokemonGo" */ = {
			isa = XCConfigurationList;
			buildConfigurations = (
				45A21FA82625C0910092BB10 /* Debug */,
				45A21FA92625C0910092BB10 /* Release */,
			);
			defaultConfigurationIsVisible = 0;
			defaultConfigurationName = Release;
		};
		45A21FAA2625C0910092BB10 /* Build configuration list for PBXNativeTarget "PokemonGo" */ = {
			isa = XCConfigurationList;
			buildConfigurations = (
				45A21FAB2625C0910092BB10 /* Debug */,
				45A21FAC2625C0910092BB10 /* Release */,
			);
			defaultConfigurationIsVisible = 0;
			defaultConfigurationName = Release;
		};
/* End XCConfigurationList section */
	};
	rootObject = 45A21F8E2625C0900092BB10 /* Project object */;
}
